{
  "version": 4,
  "terraform_version": "0.14.6",
  "serial": 92,
  "lineage": "1ea7ae53-3555-c7a0-785a-22897a0e0dd8",
  "outputs": {
    "domains": {
      "value": {
        "layer3": {
          "l3out": "uni/l3dom-l3out"
        },
        "physical": {
          "access": "uni/phys-access"
        }
      },
      "type": [
        "object",
        {
          "layer3": [
            "object",
            {
              "l3out": "string"
            }
          ],
          "physical": [
            "object",
            {
              "access": "string"
            }
          ]
        }
      ]
    },
    "global_policies": {
      "value": {
        "aaep": {
          "access": "uni/infra/attentp-access",
          "l3out": "uni/infra/attentp-l3out"
        }
      },
      "type": [
        "object",
        {
          "aaep": [
            "object",
            {
              "access": "string",
              "l3out": "string"
            }
          ]
        }
      ]
    },
    "intf_policies": {
      "value": {
        "cdp": {
          "cdp_disabled": "uni/infra/cdpIfP-cdp_disabled",
          "cdp_enabled": "uni/infra/cdpIfP-cdp_enabled"
        },
        "fc_interface": {
          "auto_f_port": "uni/infra/fcIfPol-auto_f_port",
          "auto_f_trunk": "uni/infra/fcIfPol-auto_f_trunk",
          "auto_np_port": "uni/infra/fcIfPol-auto_np_port",
          "auto_np_trunk": "uni/infra/fcIfPol-auto_np_trunk"
        },
        "l2_interface": {
          "default": "uni/infra/l2IfP-lacp_active"
        },
        "lacp": {
          "lacp_active": "uni/infra/lacplagp-lacp_active",
          "lacp_mac_pin": "uni/infra/lacplagp-lacp_mac_pin",
          "lacp_mac_pin_nicload": "uni/infra/lacplagp-lacp_mac_pin_nicload"
        },
        "link_level": {
          "10g_auto": "uni/infra/hintfpol-10g_auto",
          "10g_noneg": "uni/infra/hintfpol-10g_noneg",
          "1g_auto": "uni/infra/hintfpol-1g_auto",
          "1g_noneg": "uni/infra/hintfpol-1g_noneg",
          "25g_auto": "uni/infra/hintfpol-25g_auto",
          "25g_noneg": "uni/infra/hintfpol-25g_noneg",
          "inherit_auto": "uni/infra/hintfpol-inherit_auto",
          "inherit_noneg": "uni/infra/hintfpol-inherit_auto"
        },
        "lldp": {
          "lldp_both_disabled": "uni/infra/lldpIfP-lldp_both_disabled",
          "lldp_both_enabled": "uni/infra/lldpIfP-lldp_both_enabled",
          "lldp_rx_enabled": "uni/infra/lldpIfP-lldp_tx_enabled",
          "lldp_tx_enabled": "uni/infra/lldpIfP-lldp_both_disabled"
        },
        "mcp": {
          "mcp_disabled": "uni/infra/mcpIfP-mcp_disabled",
          "mcp_enabled": "uni/infra/mcpIfP-mcp_enabled"
        },
        "stp": {
          "bpdu_ft": "uni/infra/ifPol-bpdu_ft",
          "bpdu_ft_gd": "uni/infra/ifPol-bpdu_fg",
          "bpdu_gd": "uni/infra/ifPol-bpdu_ft",
          "bpdu_no_ft_gd": "uni/infra/ifPol-bpdu_ft"
        }
      },
      "type": [
        "object",
        {
          "cdp": [
            "object",
            {
              "cdp_disabled": "string",
              "cdp_enabled": "string"
            }
          ],
          "fc_interface": [
            "object",
            {
              "auto_f_port": "string",
              "auto_f_trunk": "string",
              "auto_np_port": "string",
              "auto_np_trunk": "string"
            }
          ],
          "l2_interface": [
            "object",
            {
              "default": "string"
            }
          ],
          "lacp": [
            "object",
            {
              "lacp_active": "string",
              "lacp_mac_pin": "string",
              "lacp_mac_pin_nicload": "string"
            }
          ],
          "link_level": [
            "object",
            {
              "10g_auto": "string",
              "10g_noneg": "string",
              "1g_auto": "string",
              "1g_noneg": "string",
              "25g_auto": "string",
              "25g_noneg": "string",
              "inherit_auto": "string",
              "inherit_noneg": "string"
            }
          ],
          "lldp": [
            "object",
            {
              "lldp_both_disabled": "string",
              "lldp_both_enabled": "string",
              "lldp_rx_enabled": "string",
              "lldp_tx_enabled": "string"
            }
          ],
          "mcp": [
            "object",
            {
              "mcp_disabled": "string",
              "mcp_enabled": "string"
            }
          ],
          "stp": [
            "object",
            {
              "bpdu_ft": "string",
              "bpdu_ft_gd": "string",
              "bpdu_gd": "string",
              "bpdu_no_ft_gd": "string"
            }
          ]
        }
      ]
    },
    "vlan_pools": {
      "value": {
        "vlan_pool": {
          "access": "uni/infra/vlanns-[access]-static",
          "l3out": "uni/infra/vlanns-[l3out]-static",
          "vmm_dynamic": "uni/infra/vlanns-[vmm_dynamic]-dynamic"
        }
      },
      "type": [
        "object",
        {
          "vlan_pool": [
            "object",
            {
              "access": "string",
              "l3out": "string",
              "vmm_dynamic": "string"
            }
          ]
        }
      ]
    }
  },
  "resources": [
    {
      "module": "module.domains",
      "mode": "managed",
      "type": "aci_l3_domain_profile",
      "name": "layer3",
      "provider": "provider[\"registry.terraform.io/ciscodevnet/aci\"]",
      "instances": [
        {
          "index_key": "l3out",
          "schema_version": 1,
          "attributes": {
            "annotation": "orchestrator:terraform",
            "description": null,
            "id": "uni/l3dom-l3out",
            "name": "l3out",
            "name_alias": "",
            "relation_extnw_rs_out": [],
            "relation_infra_rs_dom_vxlan_ns_def": "",
            "relation_infra_rs_vip_addr_ns": "",
            "relation_infra_rs_vlan_ns": "uni/infra/vlanns-[l3out]-static",
            "relation_infra_rs_vlan_ns_def": null
          },
          "sensitive_attributes": [],
          "private": "eyJzY2hlbWFfdmVyc2lvbiI6IjEifQ==",
          "dependencies": [
            "module.vlan_pools.aci_vlan_pool.vlan_pool"
          ]
        }
      ]
    },
    {
      "module": "module.domains",
      "mode": "managed",
      "type": "aci_physical_domain",
      "name": "physical",
      "provider": "provider[\"registry.terraform.io/ciscodevnet/aci\"]",
      "instances": [
        {
          "index_key": "access",
          "schema_version": 1,
          "attributes": {
            "annotation": "orchestrator:terraform",
            "description": null,
            "id": "uni/phys-access",
            "name": "access",
            "name_alias": "",
            "relation_infra_rs_dom_vxlan_ns_def": "",
            "relation_infra_rs_vip_addr_ns": "",
            "relation_infra_rs_vlan_ns": "uni/infra/vlanns-[access]-static",
            "relation_infra_rs_vlan_ns_def": null
          },
          "sensitive_attributes": [],
          "private": "eyJzY2hlbWFfdmVyc2lvbiI6IjEifQ==",
          "dependencies": [
            "module.vlan_pools.aci_vlan_pool.vlan_pool"
          ]
        }
      ]
    },
    {
      "module": "module.global_policies",
      "mode": "managed",
      "type": "aci_attachable_access_entity_profile",
      "name": "aaep",
      "provider": "provider[\"registry.terraform.io/ciscodevnet/aci\"]",
      "instances": [
        {
          "index_key": "access",
          "schema_version": 1,
          "attributes": {
            "annotation": "",
            "description": "access AAEP Policy",
            "id": "uni/infra/attentp-access",
            "name": "access",
            "name_alias": "",
            "relation_infra_rs_dom_p": [
              "uni/l3dom-l3out"
            ]
          },
          "sensitive_attributes": [],
          "private": "eyJzY2hlbWFfdmVyc2lvbiI6IjEifQ==",
          "dependencies": [
            "module.domains.aci_l3_domain_profile.layer3",
            "module.domains.aci_physical_domain.physical",
            "module.vlan_pools.aci_vlan_pool.vlan_pool"
          ]
        },
        {
          "index_key": "l3out",
          "schema_version": 1,
          "attributes": {
            "annotation": "",
            "description": "l3out AAEP Policy",
            "id": "uni/infra/attentp-l3out",
            "name": "l3out",
            "name_alias": "",
            "relation_infra_rs_dom_p": [
              "uni/phys-access"
            ]
          },
          "sensitive_attributes": [],
          "private": "eyJzY2hlbWFfdmVyc2lvbiI6IjEifQ==",
          "dependencies": [
            "module.domains.aci_l3_domain_profile.layer3",
            "module.domains.aci_physical_domain.physical",
            "module.vlan_pools.aci_vlan_pool.vlan_pool"
          ]
        }
      ]
    },
    {
      "module": "module.intf_policies",
      "mode": "managed",
      "type": "aci_cdp_interface_policy",
      "name": "cdp",
      "provider": "provider[\"registry.terraform.io/ciscodevnet/aci\"]",
      "instances": [
        {
          "index_key": "cdp_disabled",
          "schema_version": 1,
          "attributes": {
            "admin_st": "disabled",
            "annotation": "",
            "description": "",
            "id": "uni/infra/cdpIfP-cdp_disabled",
            "name": "cdp_disabled",
            "name_alias": ""
          },
          "sensitive_attributes": [],
          "private": "eyJzY2hlbWFfdmVyc2lvbiI6IjEifQ=="
        },
        {
          "index_key": "cdp_enabled",
          "schema_version": 1,
          "attributes": {
            "admin_st": "enabled",
            "annotation": "",
            "description": "",
            "id": "uni/infra/cdpIfP-cdp_enabled",
            "name": "cdp_enabled",
            "name_alias": ""
          },
          "sensitive_attributes": [],
          "private": "eyJzY2hlbWFfdmVyc2lvbiI6IjEifQ=="
        }
      ]
    },
    {
      "module": "module.intf_policies",
      "mode": "managed",
      "type": "aci_fabric_if_pol",
      "name": "link_level",
      "provider": "provider[\"registry.terraform.io/ciscodevnet/aci\"]",
      "instances": [
        {
          "index_key": "10g_auto",
          "schema_version": 1,
          "attributes": {
            "annotation": "",
            "auto_neg": "on",
            "description": "10G auto negotiation Link Level Policy",
            "fec_mode": "inherit",
            "id": "uni/infra/hintfpol-10g_auto",
            "link_debounce": "100",
            "name": "10g_auto",
            "name_alias": "",
            "speed": "10G"
          },
          "sensitive_attributes": [],
          "private": "eyJzY2hlbWFfdmVyc2lvbiI6IjEifQ=="
        },
        {
          "index_key": "10g_noneg",
          "schema_version": 1,
          "attributes": {
            "annotation": "",
            "auto_neg": "off",
            "description": "10G no-negotiate Link Level Policy",
            "fec_mode": "inherit",
            "id": "uni/infra/hintfpol-10g_noneg",
            "link_debounce": "100",
            "name": "10g_noneg",
            "name_alias": "",
            "speed": "10G"
          },
          "sensitive_attributes": [],
          "private": "eyJzY2hlbWFfdmVyc2lvbiI6IjEifQ=="
        },
        {
          "index_key": "1g_auto",
          "schema_version": 1,
          "attributes": {
            "annotation": "",
            "auto_neg": "on",
            "description": "10G auto negotiation Link Level Policy",
            "fec_mode": "inherit",
            "id": "uni/infra/hintfpol-1g_auto",
            "link_debounce": "100",
            "name": "1g_auto",
            "name_alias": "",
            "speed": "1G"
          },
          "sensitive_attributes": [],
          "private": "eyJzY2hlbWFfdmVyc2lvbiI6IjEifQ=="
        },
        {
          "index_key": "1g_noneg",
          "schema_version": 1,
          "attributes": {
            "annotation": "",
            "auto_neg": "off",
            "description": "10G no-negotiate Link Level Policy",
            "fec_mode": "inherit",
            "id": "uni/infra/hintfpol-1g_noneg",
            "link_debounce": "100",
            "name": "1g_noneg",
            "name_alias": "",
            "speed": "1G"
          },
          "sensitive_attributes": [],
          "private": "eyJzY2hlbWFfdmVyc2lvbiI6IjEifQ=="
        },
        {
          "index_key": "25g_auto",
          "schema_version": 1,
          "attributes": {
            "annotation": "",
            "auto_neg": "on",
            "description": "25G auto negotiation Link Level Policy",
            "fec_mode": "inherit",
            "id": "uni/infra/hintfpol-25g_auto",
            "link_debounce": "100",
            "name": "25g_auto",
            "name_alias": "",
            "speed": "25G"
          },
          "sensitive_attributes": [],
          "private": "eyJzY2hlbWFfdmVyc2lvbiI6IjEifQ=="
        },
        {
          "index_key": "25g_noneg",
          "schema_version": 1,
          "attributes": {
            "annotation": "",
            "auto_neg": "off",
            "description": "25G no-negotiate Link Level Policy.  Spectrum is Cool",
            "fec_mode": "inherit",
            "id": "uni/infra/hintfpol-25g_noneg",
            "link_debounce": "100",
            "name": "25g_noneg",
            "name_alias": "",
            "speed": "25G"
          },
          "sensitive_attributes": [],
          "private": "eyJzY2hlbWFfdmVyc2lvbiI6IjEifQ=="
        },
        {
          "index_key": "inherit_auto",
          "schema_version": 1,
          "attributes": {
            "annotation": "",
            "auto_neg": "on",
            "description": "Inherit Auto Link Level Policy... Same as default",
            "fec_mode": "inherit",
            "id": "uni/infra/hintfpol-inherit_auto",
            "link_debounce": "100",
            "name": "inherit_auto",
            "name_alias": "",
            "speed": "inherit"
          },
          "sensitive_attributes": [],
          "private": "eyJzY2hlbWFfdmVyc2lvbiI6IjEifQ=="
        },
        {
          "index_key": "inherit_noneg",
          "schema_version": 1,
          "attributes": {
            "annotation": "",
            "auto_neg": "off",
            "description": "inherit no-negotiate Link Level Policy",
            "fec_mode": "inherit",
            "id": "uni/infra/hintfpol-inherit_auto",
            "link_debounce": "100",
            "name": "inherit_auto",
            "name_alias": "",
            "speed": "inherit"
          },
          "sensitive_attributes": [],
          "private": "eyJzY2hlbWFfdmVyc2lvbiI6IjEifQ=="
        }
      ]
    },
    {
      "module": "module.intf_policies",
      "mode": "managed",
      "type": "aci_interface_fc_policy",
      "name": "fc_interface",
      "provider": "provider[\"registry.terraform.io/ciscodevnet/aci\"]",
      "instances": [
        {
          "index_key": "auto_f_port",
          "schema_version": 1,
          "attributes": {
            "annotation": "",
            "automaxspeed": "32G",
            "description": "FC Interface Policy for Auto Speed, F Port, trunk-off",
            "fill_pattern": "IDLE",
            "id": "uni/infra/fcIfPol-auto_f_port",
            "name": "auto_f_port",
            "name_alias": "",
            "port_mode": "f",
            "rx_bb_credit": "64",
            "speed": "auto",
            "trunk_mode": "trunk-off"
          },
          "sensitive_attributes": [],
          "private": "eyJzY2hlbWFfdmVyc2lvbiI6IjEifQ=="
        },
        {
          "index_key": "auto_f_trunk",
          "schema_version": 1,
          "attributes": {
            "annotation": "",
            "automaxspeed": "32G",
            "description": "FC Interface Policy for Auto Speed, F Port, trunk-on",
            "fill_pattern": "IDLE",
            "id": "uni/infra/fcIfPol-auto_f_trunk",
            "name": "auto_f_trunk",
            "name_alias": "",
            "port_mode": "f",
            "rx_bb_credit": "64",
            "speed": "auto",
            "trunk_mode": "trunk-on"
          },
          "sensitive_attributes": [],
          "private": "eyJzY2hlbWFfdmVyc2lvbiI6IjEifQ=="
        },
        {
          "index_key": "auto_np_port",
          "schema_version": 1,
          "attributes": {
            "annotation": "",
            "automaxspeed": "32G",
            "description": "FC Interface Policy for Auto Speed, NP Port, trunk-off",
            "fill_pattern": "IDLE",
            "id": "uni/infra/fcIfPol-auto_np_port",
            "name": "auto_np_port",
            "name_alias": "",
            "port_mode": "np",
            "rx_bb_credit": "64",
            "speed": "auto",
            "trunk_mode": "trunk-off"
          },
          "sensitive_attributes": [],
          "private": "eyJzY2hlbWFfdmVyc2lvbiI6IjEifQ=="
        },
        {
          "index_key": "auto_np_trunk",
          "schema_version": 1,
          "attributes": {
            "annotation": "",
            "automaxspeed": "32G",
            "description": "FC Interface Policy for Auto Speed, NP Port, trunk-on",
            "fill_pattern": "IDLE",
            "id": "uni/infra/fcIfPol-auto_np_trunk",
            "name": "auto_np_trunk",
            "name_alias": "",
            "port_mode": "np",
            "rx_bb_credit": "64",
            "speed": "auto",
            "trunk_mode": "trunk-on"
          },
          "sensitive_attributes": [],
          "private": "eyJzY2hlbWFfdmVyc2lvbiI6IjEifQ=="
        }
      ]
    },
    {
      "module": "module.intf_policies",
      "mode": "managed",
      "type": "aci_l2_interface_policy",
      "name": "l2_interface",
      "provider": "provider[\"registry.terraform.io/ciscodevnet/aci\"]",
      "instances": [
        {
          "index_key": "default",
          "schema_version": 1,
          "attributes": {
            "annotation": "",
            "description": "Default L2 Policy for QnQ/VLAN Scope",
            "id": "uni/infra/l2IfP-lacp_active",
            "name": "lacp_active",
            "name_alias": "",
            "qinq": "disabled",
            "vepa": "disabled",
            "vlan_scope": "global"
          },
          "sensitive_attributes": [],
          "private": "eyJzY2hlbWFfdmVyc2lvbiI6IjEifQ=="
        }
      ]
    },
    {
      "module": "module.intf_policies",
      "mode": "managed",
      "type": "aci_lacp_policy",
      "name": "lacp",
      "provider": "provider[\"registry.terraform.io/ciscodevnet/aci\"]",
      "instances": [
        {
          "index_key": "lacp_active",
          "schema_version": 1,
          "attributes": {
            "annotation": "",
            "ctrl": [
              "fast-sel-hot-stdby",
              "graceful-conv",
              "susp-individual"
            ],
            "description": "LACP Default Active Policy",
            "id": "uni/infra/lacplagp-lacp_active",
            "max_links": "16",
            "min_links": "1",
            "mode": "active",
            "name": "lacp_active",
            "name_alias": ""
          },
          "sensitive_attributes": [],
          "private": "eyJzY2hlbWFfdmVyc2lvbiI6IjEifQ=="
        },
        {
          "index_key": "lacp_mac_pin",
          "schema_version": 1,
          "attributes": {
            "annotation": "",
            "ctrl": [
              "fast-sel-hot-stdby",
              "graceful-conv",
              "susp-individual"
            ],
            "description": "LACP Default MAC PIN Policy",
            "id": "uni/infra/lacplagp-lacp_mac_pin",
            "max_links": "16",
            "min_links": "1",
            "mode": "mac-pin",
            "name": "lacp_mac_pin",
            "name_alias": ""
          },
          "sensitive_attributes": [],
          "private": "eyJzY2hlbWFfdmVyc2lvbiI6IjEifQ=="
        },
        {
          "index_key": "lacp_mac_pin_nicload",
          "schema_version": 1,
          "attributes": {
            "annotation": "",
            "ctrl": [
              "fast-sel-hot-stdby",
              "graceful-conv",
              "susp-individual"
            ],
            "description": "LACP Default MAC Pin Nic Load Policy",
            "id": "uni/infra/lacplagp-lacp_mac_pin_nicload",
            "max_links": "16",
            "min_links": "1",
            "mode": "mac-pin",
            "name": "lacp_mac_pin_nicload",
            "name_alias": ""
          },
          "sensitive_attributes": [],
          "private": "eyJzY2hlbWFfdmVyc2lvbiI6IjEifQ=="
        }
      ]
    },
    {
      "module": "module.intf_policies",
      "mode": "managed",
      "type": "aci_lldp_interface_policy",
      "name": "lldp",
      "provider": "provider[\"registry.terraform.io/ciscodevnet/aci\"]",
      "instances": [
        {
          "index_key": "lldp_both_disabled",
          "schema_version": 1,
          "attributes": {
            "admin_rx_st": "disabled",
            "admin_tx_st": "disabled",
            "annotation": "",
            "description": "Policy to disable RX and TX of the LLDP Protocol",
            "id": "uni/infra/lldpIfP-lldp_both_disabled",
            "name": "lldp_both_disabled",
            "name_alias": ""
          },
          "sensitive_attributes": [],
          "private": "eyJzY2hlbWFfdmVyc2lvbiI6IjEifQ=="
        },
        {
          "index_key": "lldp_both_enabled",
          "schema_version": 1,
          "attributes": {
            "admin_rx_st": "enabled",
            "admin_tx_st": "enabled",
            "annotation": "",
            "description": "Policy to enable RX and TX of the LLDP Protocol",
            "id": "uni/infra/lldpIfP-lldp_both_enabled",
            "name": "lldp_both_enabled",
            "name_alias": ""
          },
          "sensitive_attributes": [],
          "private": "eyJzY2hlbWFfdmVyc2lvbiI6IjEifQ=="
        },
        {
          "index_key": "lldp_rx_enabled",
          "schema_version": 1,
          "attributes": {
            "admin_rx_st": "enabled",
            "admin_tx_st": "disabled",
            "annotation": "",
            "description": "Policy to enable RX of the LLDP Protocol",
            "id": "uni/infra/lldpIfP-lldp_tx_enabled",
            "name": "lldp_tx_enabled",
            "name_alias": ""
          },
          "sensitive_attributes": [],
          "private": "eyJzY2hlbWFfdmVyc2lvbiI6IjEifQ=="
        },
        {
          "index_key": "lldp_tx_enabled",
          "schema_version": 1,
          "attributes": {
            "admin_rx_st": "disabled",
            "admin_tx_st": "enabled",
            "annotation": "",
            "description": "Policy to enable TX of the LLDP Protocol",
            "id": "uni/infra/lldpIfP-lldp_both_disabled",
            "name": "lldp_both_disabled",
            "name_alias": ""
          },
          "sensitive_attributes": [],
          "private": "eyJzY2hlbWFfdmVyc2lvbiI6IjEifQ=="
        }
      ]
    },
    {
      "module": "module.intf_policies",
      "mode": "managed",
      "type": "aci_miscabling_protocol_interface_policy",
      "name": "mcp",
      "provider": "provider[\"registry.terraform.io/ciscodevnet/aci\"]",
      "instances": [
        {
          "index_key": "mcp_disabled",
          "schema_version": 1,
          "attributes": {
            "admin_st": "disabled",
            "annotation": "",
            "description": "",
            "id": "uni/infra/mcpIfP-mcp_disabled",
            "name": "mcp_disabled",
            "name_alias": ""
          },
          "sensitive_attributes": [],
          "private": "eyJzY2hlbWFfdmVyc2lvbiI6IjEifQ=="
        },
        {
          "index_key": "mcp_enabled",
          "schema_version": 1,
          "attributes": {
            "admin_st": "enabled",
            "annotation": "",
            "description": "",
            "id": "uni/infra/mcpIfP-mcp_enabled",
            "name": "mcp_enabled",
            "name_alias": ""
          },
          "sensitive_attributes": [],
          "private": "eyJzY2hlbWFfdmVyc2lvbiI6IjEifQ=="
        }
      ]
    },
    {
      "module": "module.intf_policies",
      "mode": "managed",
      "type": "aci_rest",
      "name": "stp",
      "provider": "provider[\"registry.terraform.io/ciscodevnet/aci\"]",
      "instances": [
        {
          "index_key": "bpdu_ft",
          "schema_version": 1,
          "attributes": {
            "class_name": "stpIfPol",
            "content": null,
            "dn": null,
            "id": "uni/infra/ifPol-bpdu_ft",
            "path": "/api/node/mo/uni/infra/ifPol-bpdu_ft.json",
            "payload": "{\n  \"stpIfPol\": {\n    \"attributes\": {\n      \"dn\": \"uni/infra/ifPol-bpdu_ft\",\n      \"annotation\": \"\",\n      \"ctrl\": \"bpdu-filter\",\n      \"descr\": \"STP Policy with BPDU Filter Enabled\",\n      \"name\": \"bpdu_ft\",\n      \"nameAlias\": \"\"\n    }\n  }\n}\n"
          },
          "sensitive_attributes": [],
          "private": "eyJzY2hlbWFfdmVyc2lvbiI6IjEifQ=="
        },
        {
          "index_key": "bpdu_ft_gd",
          "schema_version": 1,
          "attributes": {
            "class_name": "stpIfPol",
            "content": null,
            "dn": null,
            "id": "uni/infra/ifPol-bpdu_fg",
            "path": "/api/node/mo/uni/infra/ifPol-bpdu_fg.json",
            "payload": "{\n  \"stpIfPol\": {\n    \"attributes\": {\n      \"dn\": \"uni/infra/ifPol-bpdu_fg\",\n      \"annotation\": \"\",\n      \"ctrl\": \"bpdu-filter, bpdu-guard\",\n      \"descr\": \"STP Policy with BPDU Filter and Guard Enabled\",\n      \"name\": \"bpdu_fg\",\n      \"nameAlias\": \"\"\n    }\n  }\n}\n"
          },
          "sensitive_attributes": [],
          "private": "eyJzY2hlbWFfdmVyc2lvbiI6IjEifQ=="
        },
        {
          "index_key": "bpdu_gd",
          "schema_version": 1,
          "attributes": {
            "class_name": "stpIfPol",
            "content": null,
            "dn": null,
            "id": "uni/infra/ifPol-bpdu_ft",
            "path": "/api/node/mo/uni/infra/ifPol-bpdu_ft.json",
            "payload": "{\n  \"stpIfPol\": {\n    \"attributes\": {\n      \"dn\": \"uni/infra/ifPol-bpdu_ft\",\n      \"annotation\": \"\",\n      \"ctrl\": \"bpdu-guard\",\n      \"descr\": \"STP Policy with BPDU Guard Enabled\",\n      \"name\": \"bpdu_ft\",\n      \"nameAlias\": \"\"\n    }\n  }\n}\n"
          },
          "sensitive_attributes": [],
          "private": "eyJzY2hlbWFfdmVyc2lvbiI6IjEifQ=="
        },
        {
          "index_key": "bpdu_no_ft_gd",
          "schema_version": 1,
          "attributes": {
            "class_name": "stpIfPol",
            "content": null,
            "dn": null,
            "id": "uni/infra/ifPol-bpdu_ft",
            "path": "/api/node/mo/uni/infra/ifPol-bpdu_ft.json",
            "payload": "{\n  \"stpIfPol\": {\n    \"attributes\": {\n      \"dn\": \"uni/infra/ifPol-bpdu_ft\",\n      \"annotation\": \"\",\n      \"ctrl\": \"\",\n      \"descr\": \"STP Policy with BPDU Filter and Guard Disabled\",\n      \"name\": \"bpdu_ft\",\n      \"nameAlias\": \"\"\n    }\n  }\n}\n"
          },
          "sensitive_attributes": [],
          "private": "eyJzY2hlbWFfdmVyc2lvbiI6IjEifQ=="
        }
      ]
    },
    {
      "module": "module.vlan_list",
      "mode": "managed",
      "type": "aci_ranges",
      "name": "add_vlan",
      "provider": "provider[\"registry.terraform.io/ciscodevnet/aci\"]",
      "instances": [
        {
          "index_key": "access",
          "schema_version": 1,
          "attributes": {
            "alloc_mode": "static",
            "annotation": "",
            "description": "",
            "from": "vlan-1",
            "id": "uni/infra/vlanns-[access]-static/from-[vlan-1]-to-[vlan-99]",
            "name_alias": "",
            "role": "external",
            "to": "vlan-99",
            "vlan_pool_dn": "uni/infra/vlanns-[access]-static"
          },
          "sensitive_attributes": [],
          "private": "eyJzY2hlbWFfdmVyc2lvbiI6IjEifQ==",
          "dependencies": [
            "module.vlan_pools.aci_vlan_pool.vlan_pool"
          ]
        },
        {
          "index_key": "l3out_1",
          "schema_version": 1,
          "attributes": {
            "alloc_mode": "static",
            "annotation": "",
            "description": "",
            "from": "vlan-4",
            "id": "uni/infra/vlanns-[l3out]-static/from-[vlan-4]-to-[vlan-4]",
            "name_alias": "",
            "role": "external",
            "to": "vlan-4",
            "vlan_pool_dn": "uni/infra/vlanns-[l3out]-static"
          },
          "sensitive_attributes": [],
          "private": "eyJzY2hlbWFfdmVyc2lvbiI6IjEifQ==",
          "dependencies": [
            "module.vlan_pools.aci_vlan_pool.vlan_pool"
          ]
        },
        {
          "index_key": "l3out_2",
          "schema_version": 1,
          "attributes": {
            "alloc_mode": "static",
            "annotation": "",
            "description": "",
            "from": "vlan-100",
            "id": "uni/infra/vlanns-[l3out]-static/from-[vlan-100]-to-[vlan-101]",
            "name_alias": "",
            "role": "external",
            "to": "vlan-101",
            "vlan_pool_dn": "uni/infra/vlanns-[l3out]-static"
          },
          "sensitive_attributes": [],
          "private": "eyJzY2hlbWFfdmVyc2lvbiI6IjEifQ==",
          "dependencies": [
            "module.vlan_pools.aci_vlan_pool.vlan_pool"
          ]
        },
        {
          "index_key": "vmm_dynamic",
          "schema_version": 1,
          "attributes": {
            "alloc_mode": "dynamic",
            "annotation": "",
            "description": "",
            "from": "vlan-1000",
            "id": "uni/infra/vlanns-[vmm_dynamic]-dynamic/from-[vlan-1000]-to-[vlan-1199]",
            "name_alias": "",
            "role": "external",
            "to": "vlan-1199",
            "vlan_pool_dn": "uni/infra/vlanns-[vmm_dynamic]-dynamic"
          },
          "sensitive_attributes": [],
          "private": "eyJzY2hlbWFfdmVyc2lvbiI6IjEifQ==",
          "dependencies": [
            "module.vlan_pools.aci_vlan_pool.vlan_pool"
          ]
        }
      ]
    },
    {
      "module": "module.vlan_pools",
      "mode": "managed",
      "type": "aci_vlan_pool",
      "name": "vlan_pool",
      "provider": "provider[\"registry.terraform.io/ciscodevnet/aci\"]",
      "instances": [
        {
          "index_key": "access",
          "schema_version": 1,
          "attributes": {
            "alloc_mode": "static",
            "annotation": "orchestrator:terraform",
            "description": "",
            "id": "uni/infra/vlanns-[access]-static",
            "name": "access",
            "name_alias": ""
          },
          "sensitive_attributes": [],
          "private": "eyJzY2hlbWFfdmVyc2lvbiI6IjEifQ=="
        },
        {
          "index_key": "l3out",
          "schema_version": 1,
          "attributes": {
            "alloc_mode": "static",
            "annotation": "orchestrator:terraform",
            "description": "",
            "id": "uni/infra/vlanns-[l3out]-static",
            "name": "l3out",
            "name_alias": ""
          },
          "sensitive_attributes": [],
          "private": "eyJzY2hlbWFfdmVyc2lvbiI6IjEifQ=="
        },
        {
          "index_key": "vmm_dynamic",
          "schema_version": 1,
          "attributes": {
            "alloc_mode": "dynamic",
            "annotation": "orchestrator:terraform",
            "description": "",
            "id": "uni/infra/vlanns-[vmm_dynamic]-dynamic",
            "name": "vmm_dynamic",
            "name_alias": ""
          },
          "sensitive_attributes": [],
          "private": "eyJzY2hlbWFfdmVyc2lvbiI6IjEifQ=="
        }
      ]
    }
  ]
}
