{
  "version": 4,
  "terraform_version": "0.14.6",
  "serial": 39,
  "lineage": "1ea7ae53-3555-c7a0-785a-22897a0e0dd8",
  "outputs": {
    "vlan_pools": {
      "value": {
        "vlan_pool": {
          "access": "uni/infra/vlanns-[access]-static",
          "l3out": "uni/infra/vlanns-[l3out]-static",
          "vmm_dynamic": "uni/infra/vlanns-[vmm_dynamic]-dynamic"
        }
      },
      "type": [
        "object",
        {
          "vlan_pool": [
            "object",
            {
              "access": "string",
              "l3out": "string",
              "vmm_dynamic": "string"
            }
          ]
        }
      ]
    }
  },
  "resources": [
    {
      "module": "module.vlan_pools",
      "mode": "managed",
      "type": "aci_vlan_pool",
      "name": "vlan_pool",
      "provider": "provider[\"registry.terraform.io/ciscodevnet/aci\"]",
      "instances": [
        {
          "index_key": "access",
          "schema_version": 1,
          "attributes": {
            "alloc_mode": "static",
            "annotation": "orchestrator:terraform",
            "description": "",
            "id": "uni/infra/vlanns-[access]-static",
            "name": "access",
            "name_alias": ""
          },
          "sensitive_attributes": [],
          "private": "eyJzY2hlbWFfdmVyc2lvbiI6IjEifQ=="
        },
        {
          "index_key": "l3out",
          "schema_version": 1,
          "attributes": {
            "alloc_mode": "static",
            "annotation": "orchestrator:terraform",
            "description": "",
            "id": "uni/infra/vlanns-[l3out]-static",
            "name": "l3out",
            "name_alias": ""
          },
          "sensitive_attributes": [],
          "private": "eyJzY2hlbWFfdmVyc2lvbiI6IjEifQ=="
        },
        {
          "index_key": "vmm_dynamic",
          "schema_version": 1,
          "attributes": {
            "alloc_mode": "dynamic",
            "annotation": "orchestrator:terraform",
            "description": "",
            "id": "uni/infra/vlanns-[vmm_dynamic]-dynamic",
            "name": "vmm_dynamic",
            "name_alias": ""
          },
          "sensitive_attributes": [],
          "private": "eyJzY2hlbWFfdmVyc2lvbiI6IjEifQ=="
        }
      ]
    }
  ]
}
