{
  "version": 4,
  "terraform_version": "0.14.6",
  "serial": 18,
  "lineage": "1ea7ae53-3555-c7a0-785a-22897a0e0dd8",
  "outputs": {
    "vlan_pool_id": {
      "value": {},
      "type": [
        "object",
        {}
      ]
    }
  },
  "resources": [
    {
      "module": "module.vlan_pools",
      "mode": "managed",
      "type": "aci_vlan_pool",
      "name": "vlan_pool",
      "provider": "provider[\"registry.terraform.io/ciscodevnet/aci\"]",
      "instances": [
        {
          "index_key": "access",
          "schema_version": 1,
          "attributes": {
            "alloc_mode": "static",
            "annotation": "orchestrator:terraform",
            "description": "",
            "id": "uni/infra/vlanns-[access]-static",
            "name": "access",
            "name_alias": ""
          },
          "sensitive_attributes": [],
          "private": "eyJzY2hlbWFfdmVyc2lvbiI6IjEifQ=="
        },
        {
          "index_key": "dynamic",
          "schema_version": 1,
          "attributes": {
            "alloc_mode": "dynamic",
            "annotation": "orchestrator:terraform",
            "description": "",
            "id": "uni/infra/vlanns-[dynamic]-dynamic",
            "name": "dynamic",
            "name_alias": ""
          },
          "sensitive_attributes": [],
          "private": "eyJzY2hlbWFfdmVyc2lvbiI6IjEifQ=="
        },
        {
          "index_key": "inband",
          "schema_version": 1,
          "attributes": {
            "alloc_mode": "static",
            "annotation": "orchestrator:terraform",
            "description": "",
            "id": "uni/infra/vlanns-[inband]-static",
            "name": "inband",
            "name_alias": ""
          },
          "sensitive_attributes": [],
          "private": "eyJzY2hlbWFfdmVyc2lvbiI6IjEifQ=="
        },
        {
          "index_key": "l3out",
          "schema_version": 1,
          "attributes": {
            "alloc_mode": "static",
            "annotation": "orchestrator:terraform",
            "description": "",
            "id": "uni/infra/vlanns-[l3out]-static",
            "name": "l3out",
            "name_alias": ""
          },
          "sensitive_attributes": [],
          "private": "eyJzY2hlbWFfdmVyc2lvbiI6IjEifQ=="
        },
        {
          "index_key": "msite",
          "schema_version": 1,
          "attributes": {
            "alloc_mode": "static",
            "annotation": "orchestrator:terraform",
            "description": "",
            "id": "uni/infra/vlanns-[msite]-static",
            "name": "msite",
            "name_alias": ""
          },
          "sensitive_attributes": [],
          "private": "eyJzY2hlbWFfdmVyc2lvbiI6IjEifQ=="
        }
      ]
    }
  ]
}
