{
  "version": 4,
  "terraform_version": "0.14.6",
  "serial": 223,
  "lineage": "1bb77b6a-a8b3-90a4-c4b0-37f47b916ea6",
  "outputs": {
    "dc1-leaf201_interface_profile": {
      "value": {
        "leaf_interface_profile": {
          "dc1-leaf201": "uni/infra/accportprof-dc1-leaf201"
        }
      },
      "type": [
        "object",
        {
          "leaf_interface_profile": [
            "object",
            {
              "dc1-leaf201": "string"
            }
          ]
        }
      ]
    },
    "dc1-leaf201_interface_selectors": {
      "value": {
        "leaf_interface_selectors": {
          "Eth1-01": "uni/infra/accportprof-dc1-leaf201/hports-Eth1-01-typ-range",
          "Eth1-02": "uni/infra/accportprof-dc1-leaf201/hports-Eth1-02-typ-range",
          "Eth1-49": "uni/infra/accportprof-dc1-leaf201/hports-Eth1-49-typ-range",
          "Eth1-49-1": "uni/infra/accportprof-dc1-leaf201/hports-Eth1-49-1-typ-range",
          "Eth1-49-2": "uni/infra/accportprof-dc1-leaf201/hports-Eth1-49-2-typ-range"
        }
      },
      "type": [
        "object",
        {
          "leaf_interface_selectors": [
            "object",
            {
              "Eth1-01": "string",
              "Eth1-02": "string",
              "Eth1-49": "string",
              "Eth1-49-1": "string",
              "Eth1-49-2": "string"
            }
          ]
        }
      ]
    },
    "dc1-leaf201_membership": {
      "value": {
        "membership": {
          "dc1-leaf201": "uni/controller/nodeidentpol/nodep-TEP-1-101"
        }
      },
      "type": [
        "object",
        {
          "membership": [
            "object",
            {
              "dc1-leaf201": "string"
            }
          ]
        }
      ]
    },
    "dc1-leaf202_interface_profile": {
      "value": {
        "leaf_interface_profile": {
          "dc1-leaf202": "uni/infra/accportprof-dc1-leaf202"
        }
      },
      "type": [
        "object",
        {
          "leaf_interface_profile": [
            "object",
            {
              "dc1-leaf202": "string"
            }
          ]
        }
      ]
    },
    "dc1-leaf202_interface_selectors": {
      "value": {
        "leaf_interface_selectors": {
          "Eth1-01": "uni/infra/accportprof-dc1-leaf202/hports-Eth1-01-typ-range",
          "Eth1-02": "uni/infra/accportprof-dc1-leaf202/hports-Eth1-02-typ-range",
          "Eth1-49": "uni/infra/accportprof-dc1-leaf202/hports-Eth1-49-typ-range",
          "Eth1-49-1": "uni/infra/accportprof-dc1-leaf202/hports-Eth1-49-1-typ-range",
          "Eth1-49-2": "uni/infra/accportprof-dc1-leaf202/hports-Eth1-49-2-typ-range"
        }
      },
      "type": [
        "object",
        {
          "leaf_interface_selectors": [
            "object",
            {
              "Eth1-01": "string",
              "Eth1-02": "string",
              "Eth1-49": "string",
              "Eth1-49-1": "string",
              "Eth1-49-2": "string"
            }
          ]
        }
      ]
    },
    "dc1-leaf202_membership": {
      "value": {
        "membership": {
          "dc1-leaf202": "uni/controller/nodeidentpol/nodep-TEP-1-102"
        }
      },
      "type": [
        "object",
        {
          "membership": [
            "object",
            {
              "dc1-leaf202": "string"
            }
          ]
        }
      ]
    },
    "dc1-spine101_interface_profile": {
      "value": {
        "spine_interface_profile": {
          "dc1-spine101": "uni/infra/spaccportprof-dc1-spine101"
        }
      },
      "type": [
        "object",
        {
          "spine_interface_profile": [
            "object",
            {
              "dc1-spine101": "string"
            }
          ]
        }
      ]
    },
    "dc1-spine101_interface_selectors": {
      "value": {
        "spine_interface_selectors": {
          "Eth1-01": "uni/infra/spaccportprof-dc1-spine101/shports-Eth1-01-typ-range",
          "Eth1-02": "uni/infra/spaccportprof-dc1-spine101/shports-Eth1-01-typ-range"
        }
      },
      "type": [
        "object",
        {
          "spine_interface_selectors": [
            "object",
            {
              "Eth1-01": "string",
              "Eth1-02": "string"
            }
          ]
        }
      ]
    },
    "dc1-spine101_membership": {
      "value": {
        "membership": {
          "dc1-spine101": "uni/controller/nodeidentpol/nodep-TEP-1-103"
        }
      },
      "type": [
        "object",
        {
          "membership": [
            "object",
            {
              "dc1-spine101": "string"
            }
          ]
        }
      ]
    },
    "dc1-spine101_spine_profile": {
      "value": {
        "spine_profile": {
          "dc1-spine101": "uni/infra/spprof-dc1-spine101"
        }
      },
      "type": [
        "object",
        {
          "spine_profile": [
            "object",
            {
              "dc1-spine101": "string"
            }
          ]
        }
      ]
    },
    "domains": {
      "value": {
        "layer3": {
          "l3out": "uni/l3dom-l3out"
        },
        "physical": {
          "access": "uni/phys-access"
        }
      },
      "type": [
        "object",
        {
          "layer3": [
            "object",
            {
              "l3out": "string"
            }
          ],
          "physical": [
            "object",
            {
              "access": "string"
            }
          ]
        }
      ]
    },
    "global_policies": {
      "value": {
        "aaep": {
          "access": "uni/infra/attentp-access",
          "l3out": "uni/infra/attentp-l3out"
        }
      },
      "type": [
        "object",
        {
          "aaep": [
            "object",
            {
              "access": "string",
              "l3out": "string"
            }
          ]
        }
      ]
    },
    "intf_policies": {
      "value": {
        "cdp": {
          "cdp_disabled": "uni/infra/cdpIfP-cdp_disabled",
          "cdp_enabled": "uni/infra/cdpIfP-cdp_enabled"
        },
        "fc_interface": {
          "auto_f_port": "uni/infra/fcIfPol-auto_f_port",
          "auto_f_trunk": "uni/infra/fcIfPol-auto_f_trunk",
          "auto_np_port": "uni/infra/fcIfPol-auto_np_port",
          "auto_np_trunk": "uni/infra/fcIfPol-auto_np_trunk"
        },
        "l2_interface": {
          "default": "uni/infra/l2IfP-default"
        },
        "lacp": {
          "lacp_active": "uni/infra/lacplagp-lacp_active",
          "lacp_mac_pin": "uni/infra/lacplagp-lacp_mac_pin",
          "lacp_mac_pin_nicload": "uni/infra/lacplagp-lacp_mac_pin_nicload"
        },
        "link_level": {
          "10g_auto": "uni/infra/hintfpol-10g_auto",
          "10g_noneg": "uni/infra/hintfpol-10g_noneg",
          "1g_auto": "uni/infra/hintfpol-1g_auto",
          "1g_noneg": "uni/infra/hintfpol-1g_noneg",
          "25g_auto": "uni/infra/hintfpol-25g_auto",
          "25g_noneg": "uni/infra/hintfpol-25g_noneg",
          "inherit_auto": "uni/infra/hintfpol-inherit_auto",
          "inherit_noneg": "uni/infra/hintfpol-inherit_noneg"
        },
        "lldp": {
          "lldp_both_disabled": "uni/infra/lldpIfP-lldp_both_disabled",
          "lldp_both_enabled": "uni/infra/lldpIfP-lldp_both_enabled",
          "lldp_rx_enabled": "uni/infra/lldpIfP-lldp_rx_enabled",
          "lldp_tx_enabled": "uni/infra/lldpIfP-lldp_tx_enabled"
        },
        "mcp": {
          "mcp_disabled": "uni/infra/mcpIfP-mcp_disabled",
          "mcp_enabled": "uni/infra/mcpIfP-mcp_enabled"
        },
        "port_security": {
          "default": "uni/infra/portsecurityP-default"
        },
        "stp": {
          "bpdu_ft": "uni/infra/ifPol-bpdu_ft",
          "bpdu_ft_gd": "uni/infra/ifPol-bpdu_fg",
          "bpdu_gd": "uni/infra/ifPol-bpdu_ft",
          "bpdu_no_ft_gd": "uni/infra/ifPol-bpdu_ft"
        }
      },
      "type": [
        "object",
        {
          "cdp": [
            "object",
            {
              "cdp_disabled": "string",
              "cdp_enabled": "string"
            }
          ],
          "fc_interface": [
            "object",
            {
              "auto_f_port": "string",
              "auto_f_trunk": "string",
              "auto_np_port": "string",
              "auto_np_trunk": "string"
            }
          ],
          "l2_interface": [
            "object",
            {
              "default": "string"
            }
          ],
          "lacp": [
            "object",
            {
              "lacp_active": "string",
              "lacp_mac_pin": "string",
              "lacp_mac_pin_nicload": "string"
            }
          ],
          "link_level": [
            "object",
            {
              "10g_auto": "string",
              "10g_noneg": "string",
              "1g_auto": "string",
              "1g_noneg": "string",
              "25g_auto": "string",
              "25g_noneg": "string",
              "inherit_auto": "string",
              "inherit_noneg": "string"
            }
          ],
          "lldp": [
            "object",
            {
              "lldp_both_disabled": "string",
              "lldp_both_enabled": "string",
              "lldp_rx_enabled": "string",
              "lldp_tx_enabled": "string"
            }
          ],
          "mcp": [
            "object",
            {
              "mcp_disabled": "string",
              "mcp_enabled": "string"
            }
          ],
          "port_security": [
            "object",
            {
              "default": "string"
            }
          ],
          "stp": [
            "object",
            {
              "bpdu_ft": "string",
              "bpdu_ft_gd": "string",
              "bpdu_gd": "string",
              "bpdu_no_ft_gd": "string"
            }
          ]
        }
      ]
    },
    "leaf_interface_policy_groups": {
      "value": {
        "access": {
          "access": "uni/infra/funcprof/accportgrp-access"
        },
        "breakout": {
          "100g-2x": "uni/infra/funcprof/brkoutportgrp-100g-2x",
          "100g-4x": "uni/infra/funcprof/brkoutportgrp-100g-4x",
          "10g-4x": "uni/infra/funcprof/brkoutportgrp-10g-4x",
          "25g-4x": "uni/infra/funcprof/brkoutportgrp-25g-4x",
          "50g-8x": "uni/infra/funcprof/brkoutportgrp-50g-8x"
        },
        "bundle": {
          "server_vpc": "uni/infra/funcprof/accbundle-server_vpc"
        }
      },
      "type": [
        "object",
        {
          "access": [
            "object",
            {
              "access": "string"
            }
          ],
          "breakout": [
            "object",
            {
              "100g-2x": "string",
              "100g-4x": "string",
              "10g-4x": "string",
              "25g-4x": "string",
              "50g-8x": "string"
            }
          ],
          "bundle": [
            "object",
            {
              "server_vpc": "string"
            }
          ]
        }
      ]
    },
    "leaf_policy_group": {
      "value": {
        "leaf_policy_group": {
          "default": "uni/infra/funcprof/accnodepgrp-default"
        }
      },
      "type": [
        "object",
        {
          "leaf_policy_group": [
            "object",
            {
              "default": "string"
            }
          ]
        }
      ]
    },
    "spine_interface_policy_groups": {
      "value": {
        "spine_port": {
          "msite": "uni/infra/funcprof/spaccportgrp-msite"
        }
      },
      "type": [
        "object",
        {
          "spine_port": [
            "object",
            {
              "msite": "string"
            }
          ]
        }
      ]
    },
    "spine_policy_group": {
      "value": {
        "spine_policy_group": {
          "default": "uni/infra/funcprof/spaccnodepgrp-default"
        }
      },
      "type": [
        "object",
        {
          "spine_policy_group": [
            "object",
            {
              "default": "string"
            }
          ]
        }
      ]
    },
    "vlan_pools": {
      "value": {
        "vlan_pool": {
          "access": "uni/infra/vlanns-[access]-static",
          "l3out": "uni/infra/vlanns-[l3out]-static",
          "vmm_dynamic": "uni/infra/vlanns-[vmm_dynamic]-dynamic"
        }
      },
      "type": [
        "object",
        {
          "vlan_pool": [
            "object",
            {
              "access": "string",
              "l3out": "string",
              "vmm_dynamic": "string"
            }
          ]
        }
      ]
    }
  },
  "resources": [
    {
      "module": "module.dc1-leaf201_interface_blocks",
      "mode": "managed",
      "type": "aci_access_port_block",
      "name": "port_block",
      "provider": "provider[\"registry.terraform.io/ciscodevnet/aci\"]",
      "instances": [
        {
          "index_key": "Eth1-01",
          "schema_version": 1,
          "attributes": {
            "access_port_selector_dn": "uni/infra/accportprof-dc1-leaf201/hports-Eth1-01-typ-range",
            "annotation": "",
            "description": "Connection to endpointxyz",
            "from_card": "1",
            "from_port": "1",
            "id": "uni/infra/accportprof-dc1-leaf201/hports-Eth1-01-typ-range/portblk-Eth1-01",
            "name": "Eth1-01",
            "name_alias": "",
            "relation_infra_rs_acc_bndl_subgrp": "",
            "to_card": "1",
            "to_port": "1"
          },
          "sensitive_attributes": [],
          "private": "eyJzY2hlbWFfdmVyc2lvbiI6IjEifQ==",
          "dependencies": [
            "module.dc1-leaf201_interface_profile.aci_leaf_interface_profile.leaf_interface_profile",
            "module.dc1-leaf201_interface_selectors.aci_access_port_selector.leaf_interface_selectors",
            "module.domains.aci_l3_domain_profile.layer3",
            "module.domains.aci_physical_domain.physical",
            "module.global_policies.aci_attachable_access_entity_profile.aaep",
            "module.intf_policies.aci_cdp_interface_policy.cdp",
            "module.intf_policies.aci_fabric_if_pol.link_level",
            "module.intf_policies.aci_interface_fc_policy.fc_interface",
            "module.intf_policies.aci_l2_interface_policy.l2_interface",
            "module.intf_policies.aci_lacp_policy.lacp",
            "module.intf_policies.aci_lldp_interface_policy.lldp",
            "module.intf_policies.aci_miscabling_protocol_interface_policy.mcp",
            "module.intf_policies.aci_port_security_policy.port_security",
            "module.intf_policies.aci_rest.stp",
            "module.leaf_interface_policy_groups.aci_leaf_access_bundle_policy_group.bundle",
            "module.leaf_interface_policy_groups.aci_leaf_access_port_policy_group.access",
            "module.leaf_interface_policy_groups.aci_rest.breakout",
            "module.vlan_pools.aci_vlan_pool.vlan_pool"
          ]
        },
        {
          "index_key": "Eth1-02",
          "schema_version": 1,
          "attributes": {
            "access_port_selector_dn": "uni/infra/accportprof-dc1-leaf201/hports-Eth1-02-typ-range",
            "annotation": "",
            "description": "Connection to server1",
            "from_card": "1",
            "from_port": "2",
            "id": "uni/infra/accportprof-dc1-leaf201/hports-Eth1-02-typ-range/portblk-Eth1-02",
            "name": "Eth1-02",
            "name_alias": "",
            "relation_infra_rs_acc_bndl_subgrp": "",
            "to_card": "1",
            "to_port": "2"
          },
          "sensitive_attributes": [],
          "private": "eyJzY2hlbWFfdmVyc2lvbiI6IjEifQ==",
          "dependencies": [
            "module.dc1-leaf201_interface_profile.aci_leaf_interface_profile.leaf_interface_profile",
            "module.dc1-leaf201_interface_selectors.aci_access_port_selector.leaf_interface_selectors",
            "module.domains.aci_l3_domain_profile.layer3",
            "module.domains.aci_physical_domain.physical",
            "module.global_policies.aci_attachable_access_entity_profile.aaep",
            "module.intf_policies.aci_cdp_interface_policy.cdp",
            "module.intf_policies.aci_fabric_if_pol.link_level",
            "module.intf_policies.aci_interface_fc_policy.fc_interface",
            "module.intf_policies.aci_l2_interface_policy.l2_interface",
            "module.intf_policies.aci_lacp_policy.lacp",
            "module.intf_policies.aci_lldp_interface_policy.lldp",
            "module.intf_policies.aci_miscabling_protocol_interface_policy.mcp",
            "module.intf_policies.aci_port_security_policy.port_security",
            "module.intf_policies.aci_rest.stp",
            "module.leaf_interface_policy_groups.aci_leaf_access_bundle_policy_group.bundle",
            "module.leaf_interface_policy_groups.aci_leaf_access_port_policy_group.access",
            "module.leaf_interface_policy_groups.aci_rest.breakout",
            "module.vlan_pools.aci_vlan_pool.vlan_pool"
          ]
        },
        {
          "index_key": "Eth1-49",
          "schema_version": 1,
          "attributes": {
            "access_port_selector_dn": "uni/infra/accportprof-dc1-leaf201/hports-Eth1-49-typ-range",
            "annotation": "",
            "description": "Breakout Port 1/49",
            "from_card": "1",
            "from_port": "49",
            "id": "uni/infra/accportprof-dc1-leaf201/hports-Eth1-49-typ-range/portblk-Eth1-49",
            "name": "Eth1-49",
            "name_alias": "",
            "relation_infra_rs_acc_bndl_subgrp": "",
            "to_card": "1",
            "to_port": "49"
          },
          "sensitive_attributes": [],
          "private": "eyJzY2hlbWFfdmVyc2lvbiI6IjEifQ==",
          "dependencies": [
            "module.dc1-leaf201_interface_profile.aci_leaf_interface_profile.leaf_interface_profile",
            "module.dc1-leaf201_interface_selectors.aci_access_port_selector.leaf_interface_selectors",
            "module.domains.aci_l3_domain_profile.layer3",
            "module.domains.aci_physical_domain.physical",
            "module.global_policies.aci_attachable_access_entity_profile.aaep",
            "module.intf_policies.aci_cdp_interface_policy.cdp",
            "module.intf_policies.aci_fabric_if_pol.link_level",
            "module.intf_policies.aci_interface_fc_policy.fc_interface",
            "module.intf_policies.aci_l2_interface_policy.l2_interface",
            "module.intf_policies.aci_lacp_policy.lacp",
            "module.intf_policies.aci_lldp_interface_policy.lldp",
            "module.intf_policies.aci_miscabling_protocol_interface_policy.mcp",
            "module.intf_policies.aci_port_security_policy.port_security",
            "module.intf_policies.aci_rest.stp",
            "module.leaf_interface_policy_groups.aci_leaf_access_bundle_policy_group.bundle",
            "module.leaf_interface_policy_groups.aci_leaf_access_port_policy_group.access",
            "module.leaf_interface_policy_groups.aci_rest.breakout",
            "module.vlan_pools.aci_vlan_pool.vlan_pool"
          ]
        }
      ]
    },
    {
      "module": "module.dc1-leaf201_interface_profile",
      "mode": "managed",
      "type": "aci_leaf_interface_profile",
      "name": "leaf_interface_profile",
      "provider": "provider[\"registry.terraform.io/ciscodevnet/aci\"]",
      "instances": [
        {
          "index_key": "dc1-leaf201",
          "schema_version": 1,
          "attributes": {
            "annotation": "",
            "description": "dc1-leaf201 updated with dte on phone. Interface Profile",
            "id": "uni/infra/accportprof-dc1-leaf201",
            "name": "dc1-leaf201",
            "name_alias": ""
          },
          "sensitive_attributes": [],
          "private": "eyJzY2hlbWFfdmVyc2lvbiI6IjEifQ=="
        }
      ]
    },
    {
      "module": "module.dc1-leaf201_interface_selectors",
      "mode": "managed",
      "type": "aci_access_port_selector",
      "name": "leaf_interface_selectors",
      "provider": "provider[\"registry.terraform.io/ciscodevnet/aci\"]",
      "instances": [
        {
          "index_key": "Eth1-01",
          "schema_version": 1,
          "attributes": {
            "access_port_selector_type": "range",
            "annotation": "",
            "description": "dc1-leaf201 Eth1/1 to endpointxyz",
            "id": "uni/infra/accportprof-dc1-leaf201/hports-Eth1-01-typ-range",
            "leaf_interface_profile_dn": "uni/infra/accportprof-dc1-leaf201",
            "name": "Eth1-01",
            "name_alias": "",
            "relation_infra_rs_acc_base_grp": "uni/infra/funcprof/accportgrp-access"
          },
          "sensitive_attributes": [],
          "private": "eyJzY2hlbWFfdmVyc2lvbiI6IjEifQ==",
          "dependencies": [
            "module.dc1-leaf201_interface_profile.aci_leaf_interface_profile.leaf_interface_profile",
            "module.domains.aci_l3_domain_profile.layer3",
            "module.domains.aci_physical_domain.physical",
            "module.global_policies.aci_attachable_access_entity_profile.aaep",
            "module.intf_policies.aci_cdp_interface_policy.cdp",
            "module.intf_policies.aci_fabric_if_pol.link_level",
            "module.intf_policies.aci_interface_fc_policy.fc_interface",
            "module.intf_policies.aci_l2_interface_policy.l2_interface",
            "module.intf_policies.aci_lacp_policy.lacp",
            "module.intf_policies.aci_lldp_interface_policy.lldp",
            "module.intf_policies.aci_miscabling_protocol_interface_policy.mcp",
            "module.intf_policies.aci_port_security_policy.port_security",
            "module.intf_policies.aci_rest.stp",
            "module.leaf_interface_policy_groups.aci_leaf_access_bundle_policy_group.bundle",
            "module.leaf_interface_policy_groups.aci_leaf_access_port_policy_group.access",
            "module.leaf_interface_policy_groups.aci_rest.breakout",
            "module.vlan_pools.aci_vlan_pool.vlan_pool"
          ]
        },
        {
          "index_key": "Eth1-02",
          "schema_version": 1,
          "attributes": {
            "access_port_selector_type": "range",
            "annotation": "",
            "description": "dc1-leaf201 Eth1/2 to server",
            "id": "uni/infra/accportprof-dc1-leaf201/hports-Eth1-02-typ-range",
            "leaf_interface_profile_dn": "uni/infra/accportprof-dc1-leaf201",
            "name": "Eth1-02",
            "name_alias": "",
            "relation_infra_rs_acc_base_grp": "uni/infra/funcprof/accbundle-server_vpc"
          },
          "sensitive_attributes": [],
          "private": "eyJzY2hlbWFfdmVyc2lvbiI6IjEifQ==",
          "dependencies": [
            "module.dc1-leaf201_interface_profile.aci_leaf_interface_profile.leaf_interface_profile",
            "module.domains.aci_l3_domain_profile.layer3",
            "module.domains.aci_physical_domain.physical",
            "module.global_policies.aci_attachable_access_entity_profile.aaep",
            "module.intf_policies.aci_cdp_interface_policy.cdp",
            "module.intf_policies.aci_fabric_if_pol.link_level",
            "module.intf_policies.aci_interface_fc_policy.fc_interface",
            "module.intf_policies.aci_l2_interface_policy.l2_interface",
            "module.intf_policies.aci_lacp_policy.lacp",
            "module.intf_policies.aci_lldp_interface_policy.lldp",
            "module.intf_policies.aci_miscabling_protocol_interface_policy.mcp",
            "module.intf_policies.aci_port_security_policy.port_security",
            "module.intf_policies.aci_rest.stp",
            "module.leaf_interface_policy_groups.aci_leaf_access_bundle_policy_group.bundle",
            "module.leaf_interface_policy_groups.aci_leaf_access_port_policy_group.access",
            "module.leaf_interface_policy_groups.aci_rest.breakout",
            "module.vlan_pools.aci_vlan_pool.vlan_pool"
          ]
        },
        {
          "index_key": "Eth1-49",
          "schema_version": 1,
          "attributes": {
            "access_port_selector_type": "range",
            "annotation": "",
            "description": "dc1-leaf201 Eth1/49 Breakout Port",
            "id": "uni/infra/accportprof-dc1-leaf201/hports-Eth1-49-typ-range",
            "leaf_interface_profile_dn": "uni/infra/accportprof-dc1-leaf201",
            "name": "Eth1-49",
            "name_alias": "",
            "relation_infra_rs_acc_base_grp": "uni/infra/funcprof/brkoutportgrp-25g-4x"
          },
          "sensitive_attributes": [],
          "private": "eyJzY2hlbWFfdmVyc2lvbiI6IjEifQ==",
          "dependencies": [
            "module.dc1-leaf201_interface_profile.aci_leaf_interface_profile.leaf_interface_profile",
            "module.domains.aci_l3_domain_profile.layer3",
            "module.domains.aci_physical_domain.physical",
            "module.global_policies.aci_attachable_access_entity_profile.aaep",
            "module.intf_policies.aci_cdp_interface_policy.cdp",
            "module.intf_policies.aci_fabric_if_pol.link_level",
            "module.intf_policies.aci_interface_fc_policy.fc_interface",
            "module.intf_policies.aci_l2_interface_policy.l2_interface",
            "module.intf_policies.aci_lacp_policy.lacp",
            "module.intf_policies.aci_lldp_interface_policy.lldp",
            "module.intf_policies.aci_miscabling_protocol_interface_policy.mcp",
            "module.intf_policies.aci_port_security_policy.port_security",
            "module.intf_policies.aci_rest.stp",
            "module.leaf_interface_policy_groups.aci_leaf_access_bundle_policy_group.bundle",
            "module.leaf_interface_policy_groups.aci_leaf_access_port_policy_group.access",
            "module.leaf_interface_policy_groups.aci_rest.breakout",
            "module.vlan_pools.aci_vlan_pool.vlan_pool"
          ]
        },
        {
          "index_key": "Eth1-49-1",
          "schema_version": 1,
          "attributes": {
            "access_port_selector_type": "range",
            "annotation": "",
            "description": "dc1-leaf201 Eth1/49 Breakout Port",
            "id": "uni/infra/accportprof-dc1-leaf201/hports-Eth1-49-1-typ-range",
            "leaf_interface_profile_dn": "uni/infra/accportprof-dc1-leaf201",
            "name": "Eth1-49-1",
            "name_alias": "",
            "relation_infra_rs_acc_base_grp": "uni/infra/funcprof/accportgrp-access"
          },
          "sensitive_attributes": [],
          "private": "eyJzY2hlbWFfdmVyc2lvbiI6IjEifQ==",
          "dependencies": [
            "module.dc1-leaf201_interface_profile.aci_leaf_interface_profile.leaf_interface_profile",
            "module.domains.aci_l3_domain_profile.layer3",
            "module.domains.aci_physical_domain.physical",
            "module.global_policies.aci_attachable_access_entity_profile.aaep",
            "module.intf_policies.aci_cdp_interface_policy.cdp",
            "module.intf_policies.aci_fabric_if_pol.link_level",
            "module.intf_policies.aci_interface_fc_policy.fc_interface",
            "module.intf_policies.aci_l2_interface_policy.l2_interface",
            "module.intf_policies.aci_lacp_policy.lacp",
            "module.intf_policies.aci_lldp_interface_policy.lldp",
            "module.intf_policies.aci_miscabling_protocol_interface_policy.mcp",
            "module.intf_policies.aci_port_security_policy.port_security",
            "module.intf_policies.aci_rest.stp",
            "module.leaf_interface_policy_groups.aci_leaf_access_bundle_policy_group.bundle",
            "module.leaf_interface_policy_groups.aci_leaf_access_port_policy_group.access",
            "module.leaf_interface_policy_groups.aci_rest.breakout",
            "module.vlan_pools.aci_vlan_pool.vlan_pool"
          ]
        },
        {
          "index_key": "Eth1-49-2",
          "schema_version": 1,
          "attributes": {
            "access_port_selector_type": "range",
            "annotation": "",
            "description": "dc1-leaf201 Eth1/49 Breakout Port",
            "id": "uni/infra/accportprof-dc1-leaf201/hports-Eth1-49-2-typ-range",
            "leaf_interface_profile_dn": "uni/infra/accportprof-dc1-leaf201",
            "name": "Eth1-49-2",
            "name_alias": "",
            "relation_infra_rs_acc_base_grp": "uni/infra/funcprof/accbundle-server_vpc"
          },
          "sensitive_attributes": [],
          "private": "eyJzY2hlbWFfdmVyc2lvbiI6IjEifQ==",
          "dependencies": [
            "module.dc1-leaf201_interface_profile.aci_leaf_interface_profile.leaf_interface_profile",
            "module.domains.aci_l3_domain_profile.layer3",
            "module.domains.aci_physical_domain.physical",
            "module.global_policies.aci_attachable_access_entity_profile.aaep",
            "module.intf_policies.aci_cdp_interface_policy.cdp",
            "module.intf_policies.aci_fabric_if_pol.link_level",
            "module.intf_policies.aci_interface_fc_policy.fc_interface",
            "module.intf_policies.aci_l2_interface_policy.l2_interface",
            "module.intf_policies.aci_lacp_policy.lacp",
            "module.intf_policies.aci_lldp_interface_policy.lldp",
            "module.intf_policies.aci_miscabling_protocol_interface_policy.mcp",
            "module.intf_policies.aci_port_security_policy.port_security",
            "module.intf_policies.aci_rest.stp",
            "module.leaf_interface_policy_groups.aci_leaf_access_bundle_policy_group.bundle",
            "module.leaf_interface_policy_groups.aci_leaf_access_port_policy_group.access",
            "module.leaf_interface_policy_groups.aci_rest.breakout",
            "module.vlan_pools.aci_vlan_pool.vlan_pool"
          ]
        }
      ]
    },
    {
      "module": "module.dc1-leaf201_interface_sub_blocks",
      "mode": "managed",
      "type": "aci_access_sub_port_block",
      "name": "port_block_sub",
      "provider": "provider[\"registry.terraform.io/ciscodevnet/aci\"]",
      "instances": [
        {
          "index_key": "Eth1-49-1",
          "schema_version": 1,
          "attributes": {
            "access_port_selector_dn": "uni/infra/accportprof-dc1-leaf201/hports-Eth1-49-1-typ-range",
            "annotation": "",
            "description": "Connection to endpointzyx",
            "from_card": "1",
            "from_port": "49",
            "from_sub_port": "1",
            "id": "uni/infra/accportprof-dc1-leaf201/hports-Eth1-49-1-typ-range/subportblk-Eth1-49-1",
            "name": "Eth1-49-1",
            "name_alias": "",
            "to_card": "1",
            "to_port": "49",
            "to_sub_port": "1"
          },
          "sensitive_attributes": [],
          "private": "eyJzY2hlbWFfdmVyc2lvbiI6IjEifQ==",
          "dependencies": [
            "module.dc1-leaf201_interface_profile.aci_leaf_interface_profile.leaf_interface_profile",
            "module.dc1-leaf201_interface_selectors.aci_access_port_selector.leaf_interface_selectors",
            "module.domains.aci_l3_domain_profile.layer3",
            "module.domains.aci_physical_domain.physical",
            "module.global_policies.aci_attachable_access_entity_profile.aaep",
            "module.intf_policies.aci_cdp_interface_policy.cdp",
            "module.intf_policies.aci_fabric_if_pol.link_level",
            "module.intf_policies.aci_interface_fc_policy.fc_interface",
            "module.intf_policies.aci_l2_interface_policy.l2_interface",
            "module.intf_policies.aci_lacp_policy.lacp",
            "module.intf_policies.aci_lldp_interface_policy.lldp",
            "module.intf_policies.aci_miscabling_protocol_interface_policy.mcp",
            "module.intf_policies.aci_port_security_policy.port_security",
            "module.intf_policies.aci_rest.stp",
            "module.leaf_interface_policy_groups.aci_leaf_access_bundle_policy_group.bundle",
            "module.leaf_interface_policy_groups.aci_leaf_access_port_policy_group.access",
            "module.leaf_interface_policy_groups.aci_rest.breakout",
            "module.vlan_pools.aci_vlan_pool.vlan_pool"
          ]
        },
        {
          "index_key": "Eth1-49-2",
          "schema_version": 1,
          "attributes": {
            "access_port_selector_dn": "uni/infra/accportprof-dc1-leaf201/hports-Eth1-49-2-typ-range",
            "annotation": "",
            "description": "Connection to endpointzyx",
            "from_card": "1",
            "from_port": "49",
            "from_sub_port": "2",
            "id": "uni/infra/accportprof-dc1-leaf201/hports-Eth1-49-2-typ-range/subportblk-Eth1-49-2",
            "name": "Eth1-49-2",
            "name_alias": "",
            "to_card": "1",
            "to_port": "49",
            "to_sub_port": "2"
          },
          "sensitive_attributes": [],
          "private": "eyJzY2hlbWFfdmVyc2lvbiI6IjEifQ==",
          "dependencies": [
            "module.dc1-leaf201_interface_profile.aci_leaf_interface_profile.leaf_interface_profile",
            "module.dc1-leaf201_interface_selectors.aci_access_port_selector.leaf_interface_selectors",
            "module.domains.aci_l3_domain_profile.layer3",
            "module.domains.aci_physical_domain.physical",
            "module.global_policies.aci_attachable_access_entity_profile.aaep",
            "module.intf_policies.aci_cdp_interface_policy.cdp",
            "module.intf_policies.aci_fabric_if_pol.link_level",
            "module.intf_policies.aci_interface_fc_policy.fc_interface",
            "module.intf_policies.aci_l2_interface_policy.l2_interface",
            "module.intf_policies.aci_lacp_policy.lacp",
            "module.intf_policies.aci_lldp_interface_policy.lldp",
            "module.intf_policies.aci_miscabling_protocol_interface_policy.mcp",
            "module.intf_policies.aci_port_security_policy.port_security",
            "module.intf_policies.aci_rest.stp",
            "module.leaf_interface_policy_groups.aci_leaf_access_bundle_policy_group.bundle",
            "module.leaf_interface_policy_groups.aci_leaf_access_port_policy_group.access",
            "module.leaf_interface_policy_groups.aci_rest.breakout",
            "module.vlan_pools.aci_vlan_pool.vlan_pool"
          ]
        }
      ]
    },
    {
      "module": "module.dc1-leaf201_leaf_profile",
      "mode": "managed",
      "type": "aci_leaf_profile",
      "name": "leaf_profile",
      "provider": "provider[\"registry.terraform.io/ciscodevnet/aci\"]",
      "instances": [
        {
          "index_key": "dc1-leaf201",
          "schema_version": 1,
          "attributes": {
            "annotation": "",
            "description": "",
            "id": "uni/infra/nprof-dc1-leaf201",
            "leaf_selector": [
              {
                "description": "",
                "id": "uni/infra/nprof-dc1-leaf201/leaves-dc1-leaf201-typ-range",
                "name": "dc1-leaf201",
                "node_block": [
                  {
                    "description": "",
                    "from_": "201",
                    "id": "uni/infra/nprof-dc1-leaf201/leaves-dc1-leaf201-typ-range/nodeblk-dc1-leaf201",
                    "name": "dc1-leaf201",
                    "to_": "201"
                  }
                ],
                "switch_association_type": "range"
              }
            ],
            "leaf_selector_ids": [
              "uni/infra/nprof-dc1-leaf201/leaves-dc1-leaf201-typ-range"
            ],
            "name": "dc1-leaf201",
            "name_alias": "",
            "node_block_ids": [
              "uni/infra/nprof-dc1-leaf201/leaves-dc1-leaf201-typ-range/nodeblk-dc1-leaf201"
            ],
            "relation_infra_rs_acc_card_p": [],
            "relation_infra_rs_acc_port_p": [
              "uni/infra/accportprof-dc1-leaf201"
            ]
          },
          "sensitive_attributes": [],
          "private": "eyJzY2hlbWFfdmVyc2lvbiI6IjEifQ==",
          "dependencies": [
            "module.dc1-leaf201_interface_profile.aci_leaf_interface_profile.leaf_interface_profile"
          ]
        }
      ]
    },
    {
      "module": "module.dc1-leaf201_membership",
      "mode": "managed",
      "type": "aci_fabric_node_member",
      "name": "membership",
      "provider": "provider[\"registry.terraform.io/ciscodevnet/aci\"]",
      "instances": [
        {
          "index_key": "dc1-leaf201",
          "schema_version": 1,
          "attributes": {
            "annotation": "",
            "description": "",
            "ext_pool_id": "0",
            "fabric_id": "1",
            "id": "uni/controller/nodeidentpol/nodep-TEP-1-101",
            "name": "dc1-leaf201",
            "name_alias": "",
            "node_id": "201",
            "node_type": "unspecified",
            "pod_id": "1",
            "role": "leaf",
            "serial": "TEP-1-101"
          },
          "sensitive_attributes": [],
          "private": "eyJzY2hlbWFfdmVyc2lvbiI6IjEifQ=="
        }
      ]
    },
    {
      "module": "module.dc1-leaf201_policy_group",
      "mode": "managed",
      "type": "aci_rest",
      "name": "leaf_profile_policy_group",
      "provider": "provider[\"registry.terraform.io/ciscodevnet/aci\"]",
      "instances": [
        {
          "index_key": "policy_group",
          "schema_version": 1,
          "attributes": {
            "class_name": "infraLeafS",
            "content": null,
            "dn": null,
            "id": "uni/infra/nprof-dc1-leaf201/leaves-dc1-leaf201-typ-range",
            "path": "/api/node/mo/uni/infra/nprof-dc1-leaf201/leaves-dc1-leaf201-typ-range.json",
            "payload": "{\n  \"infraLeafS\": {\n    \"attributes\": {\n      \"dn\": \"uni/infra/nprof-dc1-leaf201/leaves-dc1-leaf201-typ-range\"\n    },\n    \"children\": [\n      {\n        \"infraRsAccNodePGrp\": {\n          \"attributes\": {\n            \"tDn\": \"uni/infra/funcprof/accnodepgrp-default\"\n          },\n          \"children\": []\n        }\n      }\n    ]\n  }\n}\n"
          },
          "sensitive_attributes": [],
          "private": "eyJzY2hlbWFfdmVyc2lvbiI6IjEifQ==",
          "dependencies": [
            "module.dc1-leaf201_interface_profile.aci_leaf_interface_profile.leaf_interface_profile",
            "module.leaf_policy_group.aci_rest.leaf_policy_group"
          ]
        }
      ]
    },
    {
      "module": "module.dc1-leaf202_interface_blocks",
      "mode": "managed",
      "type": "aci_access_port_block",
      "name": "port_block",
      "provider": "provider[\"registry.terraform.io/ciscodevnet/aci\"]",
      "instances": [
        {
          "index_key": "Eth1-01",
          "schema_version": 1,
          "attributes": {
            "access_port_selector_dn": "uni/infra/accportprof-dc1-leaf202/hports-Eth1-01-typ-range",
            "annotation": "",
            "description": "Connection to endpointxyz",
            "from_card": "1",
            "from_port": "1",
            "id": "uni/infra/accportprof-dc1-leaf202/hports-Eth1-01-typ-range/portblk-Eth1-01",
            "name": "Eth1-01",
            "name_alias": "",
            "relation_infra_rs_acc_bndl_subgrp": "",
            "to_card": "1",
            "to_port": "1"
          },
          "sensitive_attributes": [],
          "private": "eyJzY2hlbWFfdmVyc2lvbiI6IjEifQ==",
          "dependencies": [
            "module.dc1-leaf202_interface_profile.aci_leaf_interface_profile.leaf_interface_profile",
            "module.dc1-leaf202_interface_selectors.aci_access_port_selector.leaf_interface_selectors",
            "module.domains.aci_l3_domain_profile.layer3",
            "module.domains.aci_physical_domain.physical",
            "module.global_policies.aci_attachable_access_entity_profile.aaep",
            "module.intf_policies.aci_cdp_interface_policy.cdp",
            "module.intf_policies.aci_fabric_if_pol.link_level",
            "module.intf_policies.aci_interface_fc_policy.fc_interface",
            "module.intf_policies.aci_l2_interface_policy.l2_interface",
            "module.intf_policies.aci_lacp_policy.lacp",
            "module.intf_policies.aci_lldp_interface_policy.lldp",
            "module.intf_policies.aci_miscabling_protocol_interface_policy.mcp",
            "module.intf_policies.aci_port_security_policy.port_security",
            "module.intf_policies.aci_rest.stp",
            "module.leaf_interface_policy_groups.aci_leaf_access_bundle_policy_group.bundle",
            "module.leaf_interface_policy_groups.aci_leaf_access_port_policy_group.access",
            "module.leaf_interface_policy_groups.aci_rest.breakout",
            "module.vlan_pools.aci_vlan_pool.vlan_pool"
          ]
        },
        {
          "index_key": "Eth1-02",
          "schema_version": 1,
          "attributes": {
            "access_port_selector_dn": "uni/infra/accportprof-dc1-leaf202/hports-Eth1-02-typ-range",
            "annotation": "",
            "description": "Connection to server1",
            "from_card": "1",
            "from_port": "2",
            "id": "uni/infra/accportprof-dc1-leaf202/hports-Eth1-02-typ-range/portblk-Eth1-02",
            "name": "Eth1-02",
            "name_alias": "",
            "relation_infra_rs_acc_bndl_subgrp": "",
            "to_card": "1",
            "to_port": "2"
          },
          "sensitive_attributes": [],
          "private": "eyJzY2hlbWFfdmVyc2lvbiI6IjEifQ==",
          "dependencies": [
            "module.dc1-leaf202_interface_profile.aci_leaf_interface_profile.leaf_interface_profile",
            "module.dc1-leaf202_interface_selectors.aci_access_port_selector.leaf_interface_selectors",
            "module.domains.aci_l3_domain_profile.layer3",
            "module.domains.aci_physical_domain.physical",
            "module.global_policies.aci_attachable_access_entity_profile.aaep",
            "module.intf_policies.aci_cdp_interface_policy.cdp",
            "module.intf_policies.aci_fabric_if_pol.link_level",
            "module.intf_policies.aci_interface_fc_policy.fc_interface",
            "module.intf_policies.aci_l2_interface_policy.l2_interface",
            "module.intf_policies.aci_lacp_policy.lacp",
            "module.intf_policies.aci_lldp_interface_policy.lldp",
            "module.intf_policies.aci_miscabling_protocol_interface_policy.mcp",
            "module.intf_policies.aci_port_security_policy.port_security",
            "module.intf_policies.aci_rest.stp",
            "module.leaf_interface_policy_groups.aci_leaf_access_bundle_policy_group.bundle",
            "module.leaf_interface_policy_groups.aci_leaf_access_port_policy_group.access",
            "module.leaf_interface_policy_groups.aci_rest.breakout",
            "module.vlan_pools.aci_vlan_pool.vlan_pool"
          ]
        },
        {
          "index_key": "Eth1-49",
          "schema_version": 1,
          "attributes": {
            "access_port_selector_dn": "uni/infra/accportprof-dc1-leaf202/hports-Eth1-49-typ-range",
            "annotation": "",
            "description": "Breakout Port 1/49",
            "from_card": "1",
            "from_port": "49",
            "id": "uni/infra/accportprof-dc1-leaf202/hports-Eth1-49-typ-range/portblk-Eth1-49",
            "name": "Eth1-49",
            "name_alias": "",
            "relation_infra_rs_acc_bndl_subgrp": "",
            "to_card": "1",
            "to_port": "49"
          },
          "sensitive_attributes": [],
          "private": "eyJzY2hlbWFfdmVyc2lvbiI6IjEifQ==",
          "dependencies": [
            "module.dc1-leaf202_interface_profile.aci_leaf_interface_profile.leaf_interface_profile",
            "module.dc1-leaf202_interface_selectors.aci_access_port_selector.leaf_interface_selectors",
            "module.domains.aci_l3_domain_profile.layer3",
            "module.domains.aci_physical_domain.physical",
            "module.global_policies.aci_attachable_access_entity_profile.aaep",
            "module.intf_policies.aci_cdp_interface_policy.cdp",
            "module.intf_policies.aci_fabric_if_pol.link_level",
            "module.intf_policies.aci_interface_fc_policy.fc_interface",
            "module.intf_policies.aci_l2_interface_policy.l2_interface",
            "module.intf_policies.aci_lacp_policy.lacp",
            "module.intf_policies.aci_lldp_interface_policy.lldp",
            "module.intf_policies.aci_miscabling_protocol_interface_policy.mcp",
            "module.intf_policies.aci_port_security_policy.port_security",
            "module.intf_policies.aci_rest.stp",
            "module.leaf_interface_policy_groups.aci_leaf_access_bundle_policy_group.bundle",
            "module.leaf_interface_policy_groups.aci_leaf_access_port_policy_group.access",
            "module.leaf_interface_policy_groups.aci_rest.breakout",
            "module.vlan_pools.aci_vlan_pool.vlan_pool"
          ]
        }
      ]
    },
    {
      "module": "module.dc1-leaf202_interface_profile",
      "mode": "managed",
      "type": "aci_leaf_interface_profile",
      "name": "leaf_interface_profile",
      "provider": "provider[\"registry.terraform.io/ciscodevnet/aci\"]",
      "instances": [
        {
          "index_key": "dc1-leaf202",
          "schema_version": 1,
          "attributes": {
            "annotation": "",
            "description": "dc1-leaf202 Interface Profile",
            "id": "uni/infra/accportprof-dc1-leaf202",
            "name": "dc1-leaf202",
            "name_alias": ""
          },
          "sensitive_attributes": [],
          "private": "eyJzY2hlbWFfdmVyc2lvbiI6IjEifQ=="
        }
      ]
    },
    {
      "module": "module.dc1-leaf202_interface_selectors",
      "mode": "managed",
      "type": "aci_access_port_selector",
      "name": "leaf_interface_selectors",
      "provider": "provider[\"registry.terraform.io/ciscodevnet/aci\"]",
      "instances": [
        {
          "index_key": "Eth1-01",
          "schema_version": 1,
          "attributes": {
            "access_port_selector_type": "range",
            "annotation": "",
            "description": "dc1-leaf202 Eth1/1 to endpointxyz",
            "id": "uni/infra/accportprof-dc1-leaf202/hports-Eth1-01-typ-range",
            "leaf_interface_profile_dn": "uni/infra/accportprof-dc1-leaf202",
            "name": "Eth1-01",
            "name_alias": "",
            "relation_infra_rs_acc_base_grp": "uni/infra/funcprof/accportgrp-access"
          },
          "sensitive_attributes": [],
          "private": "eyJzY2hlbWFfdmVyc2lvbiI6IjEifQ==",
          "dependencies": [
            "module.dc1-leaf202_interface_profile.aci_leaf_interface_profile.leaf_interface_profile",
            "module.domains.aci_l3_domain_profile.layer3",
            "module.domains.aci_physical_domain.physical",
            "module.global_policies.aci_attachable_access_entity_profile.aaep",
            "module.intf_policies.aci_cdp_interface_policy.cdp",
            "module.intf_policies.aci_fabric_if_pol.link_level",
            "module.intf_policies.aci_interface_fc_policy.fc_interface",
            "module.intf_policies.aci_l2_interface_policy.l2_interface",
            "module.intf_policies.aci_lacp_policy.lacp",
            "module.intf_policies.aci_lldp_interface_policy.lldp",
            "module.intf_policies.aci_miscabling_protocol_interface_policy.mcp",
            "module.intf_policies.aci_port_security_policy.port_security",
            "module.intf_policies.aci_rest.stp",
            "module.leaf_interface_policy_groups.aci_leaf_access_bundle_policy_group.bundle",
            "module.leaf_interface_policy_groups.aci_leaf_access_port_policy_group.access",
            "module.leaf_interface_policy_groups.aci_rest.breakout",
            "module.vlan_pools.aci_vlan_pool.vlan_pool"
          ]
        },
        {
          "index_key": "Eth1-02",
          "schema_version": 1,
          "attributes": {
            "access_port_selector_type": "range",
            "annotation": "",
            "description": "dc1-leaf202 Eth1/2 to server",
            "id": "uni/infra/accportprof-dc1-leaf202/hports-Eth1-02-typ-range",
            "leaf_interface_profile_dn": "uni/infra/accportprof-dc1-leaf202",
            "name": "Eth1-02",
            "name_alias": "",
            "relation_infra_rs_acc_base_grp": "uni/infra/funcprof/accbundle-server_vpc"
          },
          "sensitive_attributes": [],
          "private": "eyJzY2hlbWFfdmVyc2lvbiI6IjEifQ==",
          "dependencies": [
            "module.dc1-leaf202_interface_profile.aci_leaf_interface_profile.leaf_interface_profile",
            "module.domains.aci_l3_domain_profile.layer3",
            "module.domains.aci_physical_domain.physical",
            "module.global_policies.aci_attachable_access_entity_profile.aaep",
            "module.intf_policies.aci_cdp_interface_policy.cdp",
            "module.intf_policies.aci_fabric_if_pol.link_level",
            "module.intf_policies.aci_interface_fc_policy.fc_interface",
            "module.intf_policies.aci_l2_interface_policy.l2_interface",
            "module.intf_policies.aci_lacp_policy.lacp",
            "module.intf_policies.aci_lldp_interface_policy.lldp",
            "module.intf_policies.aci_miscabling_protocol_interface_policy.mcp",
            "module.intf_policies.aci_port_security_policy.port_security",
            "module.intf_policies.aci_rest.stp",
            "module.leaf_interface_policy_groups.aci_leaf_access_bundle_policy_group.bundle",
            "module.leaf_interface_policy_groups.aci_leaf_access_port_policy_group.access",
            "module.leaf_interface_policy_groups.aci_rest.breakout",
            "module.vlan_pools.aci_vlan_pool.vlan_pool"
          ]
        },
        {
          "index_key": "Eth1-49",
          "schema_version": 1,
          "attributes": {
            "access_port_selector_type": "range",
            "annotation": "",
            "description": "dc1-leaf202 Eth1/49 Breakout Port",
            "id": "uni/infra/accportprof-dc1-leaf202/hports-Eth1-49-typ-range",
            "leaf_interface_profile_dn": "uni/infra/accportprof-dc1-leaf202",
            "name": "Eth1-49",
            "name_alias": "",
            "relation_infra_rs_acc_base_grp": "uni/infra/funcprof/brkoutportgrp-25g-4x"
          },
          "sensitive_attributes": [],
          "private": "eyJzY2hlbWFfdmVyc2lvbiI6IjEifQ==",
          "dependencies": [
            "module.dc1-leaf202_interface_profile.aci_leaf_interface_profile.leaf_interface_profile",
            "module.domains.aci_l3_domain_profile.layer3",
            "module.domains.aci_physical_domain.physical",
            "module.global_policies.aci_attachable_access_entity_profile.aaep",
            "module.intf_policies.aci_cdp_interface_policy.cdp",
            "module.intf_policies.aci_fabric_if_pol.link_level",
            "module.intf_policies.aci_interface_fc_policy.fc_interface",
            "module.intf_policies.aci_l2_interface_policy.l2_interface",
            "module.intf_policies.aci_lacp_policy.lacp",
            "module.intf_policies.aci_lldp_interface_policy.lldp",
            "module.intf_policies.aci_miscabling_protocol_interface_policy.mcp",
            "module.intf_policies.aci_port_security_policy.port_security",
            "module.intf_policies.aci_rest.stp",
            "module.leaf_interface_policy_groups.aci_leaf_access_bundle_policy_group.bundle",
            "module.leaf_interface_policy_groups.aci_leaf_access_port_policy_group.access",
            "module.leaf_interface_policy_groups.aci_rest.breakout",
            "module.vlan_pools.aci_vlan_pool.vlan_pool"
          ]
        },
        {
          "index_key": "Eth1-49-1",
          "schema_version": 1,
          "attributes": {
            "access_port_selector_type": "range",
            "annotation": "",
            "description": "dc1-leaf202 Eth1/49 Breakout Port",
            "id": "uni/infra/accportprof-dc1-leaf202/hports-Eth1-49-1-typ-range",
            "leaf_interface_profile_dn": "uni/infra/accportprof-dc1-leaf202",
            "name": "Eth1-49-1",
            "name_alias": "",
            "relation_infra_rs_acc_base_grp": "uni/infra/funcprof/accportgrp-access"
          },
          "sensitive_attributes": [],
          "private": "eyJzY2hlbWFfdmVyc2lvbiI6IjEifQ==",
          "dependencies": [
            "module.dc1-leaf202_interface_profile.aci_leaf_interface_profile.leaf_interface_profile",
            "module.domains.aci_l3_domain_profile.layer3",
            "module.domains.aci_physical_domain.physical",
            "module.global_policies.aci_attachable_access_entity_profile.aaep",
            "module.intf_policies.aci_cdp_interface_policy.cdp",
            "module.intf_policies.aci_fabric_if_pol.link_level",
            "module.intf_policies.aci_interface_fc_policy.fc_interface",
            "module.intf_policies.aci_l2_interface_policy.l2_interface",
            "module.intf_policies.aci_lacp_policy.lacp",
            "module.intf_policies.aci_lldp_interface_policy.lldp",
            "module.intf_policies.aci_miscabling_protocol_interface_policy.mcp",
            "module.intf_policies.aci_port_security_policy.port_security",
            "module.intf_policies.aci_rest.stp",
            "module.leaf_interface_policy_groups.aci_leaf_access_bundle_policy_group.bundle",
            "module.leaf_interface_policy_groups.aci_leaf_access_port_policy_group.access",
            "module.leaf_interface_policy_groups.aci_rest.breakout",
            "module.vlan_pools.aci_vlan_pool.vlan_pool"
          ]
        },
        {
          "index_key": "Eth1-49-2",
          "schema_version": 1,
          "attributes": {
            "access_port_selector_type": "range",
            "annotation": "",
            "description": "dc1-leaf202 Eth1/49 Breakout Port",
            "id": "uni/infra/accportprof-dc1-leaf202/hports-Eth1-49-2-typ-range",
            "leaf_interface_profile_dn": "uni/infra/accportprof-dc1-leaf202",
            "name": "Eth1-49-2",
            "name_alias": "",
            "relation_infra_rs_acc_base_grp": "uni/infra/funcprof/accbundle-server_vpc"
          },
          "sensitive_attributes": [],
          "private": "eyJzY2hlbWFfdmVyc2lvbiI6IjEifQ==",
          "dependencies": [
            "module.dc1-leaf202_interface_profile.aci_leaf_interface_profile.leaf_interface_profile",
            "module.domains.aci_l3_domain_profile.layer3",
            "module.domains.aci_physical_domain.physical",
            "module.global_policies.aci_attachable_access_entity_profile.aaep",
            "module.intf_policies.aci_cdp_interface_policy.cdp",
            "module.intf_policies.aci_fabric_if_pol.link_level",
            "module.intf_policies.aci_interface_fc_policy.fc_interface",
            "module.intf_policies.aci_l2_interface_policy.l2_interface",
            "module.intf_policies.aci_lacp_policy.lacp",
            "module.intf_policies.aci_lldp_interface_policy.lldp",
            "module.intf_policies.aci_miscabling_protocol_interface_policy.mcp",
            "module.intf_policies.aci_port_security_policy.port_security",
            "module.intf_policies.aci_rest.stp",
            "module.leaf_interface_policy_groups.aci_leaf_access_bundle_policy_group.bundle",
            "module.leaf_interface_policy_groups.aci_leaf_access_port_policy_group.access",
            "module.leaf_interface_policy_groups.aci_rest.breakout",
            "module.vlan_pools.aci_vlan_pool.vlan_pool"
          ]
        }
      ]
    },
    {
      "module": "module.dc1-leaf202_interface_sub_blocks",
      "mode": "managed",
      "type": "aci_access_sub_port_block",
      "name": "port_block_sub",
      "provider": "provider[\"registry.terraform.io/ciscodevnet/aci\"]",
      "instances": [
        {
          "index_key": "Eth1-49-1",
          "schema_version": 1,
          "attributes": {
            "access_port_selector_dn": "uni/infra/accportprof-dc1-leaf202/hports-Eth1-49-1-typ-range",
            "annotation": "",
            "description": "Connection to endpointzyx",
            "from_card": "1",
            "from_port": "49",
            "from_sub_port": "1",
            "id": "uni/infra/accportprof-dc1-leaf202/hports-Eth1-49-1-typ-range/subportblk-Eth1-49-1",
            "name": "Eth1-49-1",
            "name_alias": "",
            "to_card": "1",
            "to_port": "49",
            "to_sub_port": "1"
          },
          "sensitive_attributes": [],
          "private": "eyJzY2hlbWFfdmVyc2lvbiI6IjEifQ==",
          "dependencies": [
            "module.dc1-leaf202_interface_profile.aci_leaf_interface_profile.leaf_interface_profile",
            "module.dc1-leaf202_interface_selectors.aci_access_port_selector.leaf_interface_selectors",
            "module.domains.aci_l3_domain_profile.layer3",
            "module.domains.aci_physical_domain.physical",
            "module.global_policies.aci_attachable_access_entity_profile.aaep",
            "module.intf_policies.aci_cdp_interface_policy.cdp",
            "module.intf_policies.aci_fabric_if_pol.link_level",
            "module.intf_policies.aci_interface_fc_policy.fc_interface",
            "module.intf_policies.aci_l2_interface_policy.l2_interface",
            "module.intf_policies.aci_lacp_policy.lacp",
            "module.intf_policies.aci_lldp_interface_policy.lldp",
            "module.intf_policies.aci_miscabling_protocol_interface_policy.mcp",
            "module.intf_policies.aci_port_security_policy.port_security",
            "module.intf_policies.aci_rest.stp",
            "module.leaf_interface_policy_groups.aci_leaf_access_bundle_policy_group.bundle",
            "module.leaf_interface_policy_groups.aci_leaf_access_port_policy_group.access",
            "module.leaf_interface_policy_groups.aci_rest.breakout",
            "module.vlan_pools.aci_vlan_pool.vlan_pool"
          ]
        },
        {
          "index_key": "Eth1-49-2",
          "schema_version": 1,
          "attributes": {
            "access_port_selector_dn": "uni/infra/accportprof-dc1-leaf202/hports-Eth1-49-2-typ-range",
            "annotation": "",
            "description": "Connection to endpointzyx",
            "from_card": "1",
            "from_port": "49",
            "from_sub_port": "2",
            "id": "uni/infra/accportprof-dc1-leaf202/hports-Eth1-49-2-typ-range/subportblk-Eth1-49-2",
            "name": "Eth1-49-2",
            "name_alias": "",
            "to_card": "1",
            "to_port": "49",
            "to_sub_port": "2"
          },
          "sensitive_attributes": [],
          "private": "eyJzY2hlbWFfdmVyc2lvbiI6IjEifQ==",
          "dependencies": [
            "module.dc1-leaf202_interface_profile.aci_leaf_interface_profile.leaf_interface_profile",
            "module.dc1-leaf202_interface_selectors.aci_access_port_selector.leaf_interface_selectors",
            "module.domains.aci_l3_domain_profile.layer3",
            "module.domains.aci_physical_domain.physical",
            "module.global_policies.aci_attachable_access_entity_profile.aaep",
            "module.intf_policies.aci_cdp_interface_policy.cdp",
            "module.intf_policies.aci_fabric_if_pol.link_level",
            "module.intf_policies.aci_interface_fc_policy.fc_interface",
            "module.intf_policies.aci_l2_interface_policy.l2_interface",
            "module.intf_policies.aci_lacp_policy.lacp",
            "module.intf_policies.aci_lldp_interface_policy.lldp",
            "module.intf_policies.aci_miscabling_protocol_interface_policy.mcp",
            "module.intf_policies.aci_port_security_policy.port_security",
            "module.intf_policies.aci_rest.stp",
            "module.leaf_interface_policy_groups.aci_leaf_access_bundle_policy_group.bundle",
            "module.leaf_interface_policy_groups.aci_leaf_access_port_policy_group.access",
            "module.leaf_interface_policy_groups.aci_rest.breakout",
            "module.vlan_pools.aci_vlan_pool.vlan_pool"
          ]
        }
      ]
    },
    {
      "module": "module.dc1-leaf202_leaf_profile",
      "mode": "managed",
      "type": "aci_leaf_profile",
      "name": "leaf_profile",
      "provider": "provider[\"registry.terraform.io/ciscodevnet/aci\"]",
      "instances": [
        {
          "index_key": "dc1-leaf202",
          "schema_version": 1,
          "attributes": {
            "annotation": "",
            "description": "",
            "id": "uni/infra/nprof-dc1-leaf202",
            "leaf_selector": [
              {
                "description": "",
                "id": "uni/infra/nprof-dc1-leaf202/leaves-dc1-leaf202-typ-range",
                "name": "dc1-leaf202",
                "node_block": [
                  {
                    "description": "",
                    "from_": "202",
                    "id": "uni/infra/nprof-dc1-leaf202/leaves-dc1-leaf202-typ-range/nodeblk-dc1-leaf202",
                    "name": "dc1-leaf202",
                    "to_": "202"
                  }
                ],
                "switch_association_type": "range"
              }
            ],
            "leaf_selector_ids": [
              "uni/infra/nprof-dc1-leaf202/leaves-dc1-leaf202-typ-range"
            ],
            "name": "dc1-leaf202",
            "name_alias": "",
            "node_block_ids": [
              "uni/infra/nprof-dc1-leaf202/leaves-dc1-leaf202-typ-range/nodeblk-dc1-leaf202"
            ],
            "relation_infra_rs_acc_card_p": [],
            "relation_infra_rs_acc_port_p": [
              "uni/infra/accportprof-dc1-leaf202"
            ]
          },
          "sensitive_attributes": [],
          "private": "eyJzY2hlbWFfdmVyc2lvbiI6IjEifQ==",
          "dependencies": [
            "module.dc1-leaf202_interface_profile.aci_leaf_interface_profile.leaf_interface_profile"
          ]
        }
      ]
    },
    {
      "module": "module.dc1-leaf202_membership",
      "mode": "managed",
      "type": "aci_fabric_node_member",
      "name": "membership",
      "provider": "provider[\"registry.terraform.io/ciscodevnet/aci\"]",
      "instances": [
        {
          "index_key": "dc1-leaf202",
          "schema_version": 1,
          "attributes": {
            "annotation": "",
            "description": "",
            "ext_pool_id": "0",
            "fabric_id": "1",
            "id": "uni/controller/nodeidentpol/nodep-TEP-1-102",
            "name": "dc1-leaf202",
            "name_alias": "",
            "node_id": "202",
            "node_type": "unspecified",
            "pod_id": "1",
            "role": "leaf",
            "serial": "TEP-1-102"
          },
          "sensitive_attributes": [],
          "private": "eyJzY2hlbWFfdmVyc2lvbiI6IjEifQ=="
        }
      ]
    },
    {
      "module": "module.dc1-leaf202_policy_group",
      "mode": "managed",
      "type": "aci_rest",
      "name": "leaf_profile_policy_group",
      "provider": "provider[\"registry.terraform.io/ciscodevnet/aci\"]",
      "instances": [
        {
          "index_key": "policy_group",
          "schema_version": 1,
          "attributes": {
            "class_name": "infraLeafS",
            "content": null,
            "dn": null,
            "id": "uni/infra/nprof-dc1-leaf202/leaves-dc1-leaf202-typ-range",
            "path": "/api/node/mo/uni/infra/nprof-dc1-leaf202/leaves-dc1-leaf202-typ-range.json",
            "payload": "{\n  \"infraLeafS\": {\n    \"attributes\": {\n      \"dn\": \"uni/infra/nprof-dc1-leaf202/leaves-dc1-leaf202-typ-range\"\n    },\n    \"children\": [\n      {\n        \"infraRsAccNodePGrp\": {\n          \"attributes\": {\n            \"tDn\": \"uni/infra/funcprof/accnodepgrp-default\"\n          },\n          \"children\": []\n        }\n      }\n    ]\n  }\n}\n"
          },
          "sensitive_attributes": [],
          "private": "eyJzY2hlbWFfdmVyc2lvbiI6IjEifQ==",
          "dependencies": [
            "module.dc1-leaf202_interface_profile.aci_leaf_interface_profile.leaf_interface_profile",
            "module.leaf_policy_group.aci_rest.leaf_policy_group"
          ]
        }
      ]
    },
    {
      "module": "module.dc1-spine101_interface_profile",
      "mode": "managed",
      "type": "aci_spine_interface_profile",
      "name": "spine_interface_profile",
      "provider": "provider[\"registry.terraform.io/ciscodevnet/aci\"]",
      "instances": [
        {
          "index_key": "dc1-spine101",
          "schema_version": 1,
          "attributes": {
            "annotation": "",
            "description": "dc1-spine101 Interface Profile",
            "id": "uni/infra/spaccportprof-dc1-spine101",
            "name": "dc1-spine101",
            "name_alias": ""
          },
          "sensitive_attributes": [],
          "private": "eyJzY2hlbWFfdmVyc2lvbiI6IjEifQ=="
        }
      ]
    },
    {
      "module": "module.dc1-spine101_interface_selectors",
      "mode": "managed",
      "type": "aci_rest",
      "name": "spine_interface_selectors",
      "provider": "provider[\"registry.terraform.io/ciscodevnet/aci\"]",
      "instances": [
        {
          "index_key": "Eth1-01",
          "schema_version": 1,
          "attributes": {
            "class_name": "infraSHPortS",
            "content": null,
            "dn": null,
            "id": "uni/infra/spaccportprof-dc1-spine101/shports-Eth1-01-typ-range",
            "path": "/api/node/mo/uni/infra/spaccportprof-dc1-spine101/shports-Eth1-01-typ-range.json",
            "payload": "{\n  \"infraSHPortS\": {\n    \"attributes\": {\n      \"annotation\": \"\",\n      \"descr\": \"\",\n      \"dn\": \"uni/infra/spaccportprof-dc1-spine101/shports-Eth1-01-typ-range\",\n      \"name\": \"Eth1-01\",\n      \"nameAlias\": \"\",\n      \"type\": \"range\",\n    },\n    \"children\": [\n      {\n        \"infraPortBlk\": {\n          \"attributes\": {\n            \"annotation\": \"\",\n            \"descr\": \"\",\n            \"fromCard\": \"1\",\n            \"fromPort\": \"1\",\n            \"name\": \"Eth1-01\",\n            \"nameAlias\": \"\",\n            \"toCard\": \"1\",\n            \"toPort\": \"1\"\n          }\n        }\n      },\n      {\n        \"infraRsSpAccGrp\": {\n          \"attributes\": {\n            \"tDn\": \"uni/infra/funcprof/spaccportgrp-msite\"\n          }\n        }\n      }\n    ]\n  }\n}\n"
          },
          "sensitive_attributes": [],
          "private": "eyJzY2hlbWFfdmVyc2lvbiI6IjEifQ==",
          "dependencies": [
            "module.dc1-spine101_interface_profile.aci_spine_interface_profile.spine_interface_profile",
            "module.domains.aci_l3_domain_profile.layer3",
            "module.domains.aci_physical_domain.physical",
            "module.global_policies.aci_attachable_access_entity_profile.aaep",
            "module.intf_policies.aci_cdp_interface_policy.cdp",
            "module.intf_policies.aci_fabric_if_pol.link_level",
            "module.intf_policies.aci_interface_fc_policy.fc_interface",
            "module.intf_policies.aci_l2_interface_policy.l2_interface",
            "module.intf_policies.aci_lacp_policy.lacp",
            "module.intf_policies.aci_lldp_interface_policy.lldp",
            "module.intf_policies.aci_miscabling_protocol_interface_policy.mcp",
            "module.intf_policies.aci_port_security_policy.port_security",
            "module.intf_policies.aci_rest.stp",
            "module.spine_interface_policy_groups.aci_spine_port_policy_group.spine_port",
            "module.vlan_pools.aci_vlan_pool.vlan_pool"
          ]
        },
        {
          "index_key": "Eth1-02",
          "schema_version": 1,
          "attributes": {
            "class_name": "infraSHPortS",
            "content": null,
            "dn": null,
            "id": "uni/infra/spaccportprof-dc1-spine101/shports-Eth1-01-typ-range",
            "path": "/api/node/mo/uni/infra/spaccportprof-dc1-spine101/shports-Eth1-01-typ-range.json",
            "payload": "{\n  \"infraSHPortS\": {\n    \"attributes\": {\n      \"annotation\": \"\",\n      \"descr\": \"\",\n      \"dn\": \"uni/infra/spaccportprof-dc1-spine101/shports-Eth1-01-typ-range\",\n      \"name\": \"Eth1-01\",\n      \"nameAlias\": \"\",\n      \"type\": \"range\",\n    },\n    \"children\": [\n      {\n        \"infraPortBlk\": {\n          \"attributes\": {\n            \"annotation\": \"\",\n            \"descr\": \"\",\n            \"fromCard\": \"1\",\n            \"fromPort\": \"2\",\n            \"name\": \"Eth1-01\",\n            \"nameAlias\": \"\",\n            \"toCard\": \"1\",\n            \"toPort\": \"2\"\n          }\n        }\n      },\n      {\n        \"infraRsSpAccGrp\": {\n          \"attributes\": {\n            \"tDn\": \"uni/infra/funcprof/spaccportgrp-msite\"\n          }\n        }\n      }\n    ]\n  }\n}\n"
          },
          "sensitive_attributes": [],
          "private": "eyJzY2hlbWFfdmVyc2lvbiI6IjEifQ==",
          "dependencies": [
            "module.dc1-spine101_interface_profile.aci_spine_interface_profile.spine_interface_profile",
            "module.domains.aci_l3_domain_profile.layer3",
            "module.domains.aci_physical_domain.physical",
            "module.global_policies.aci_attachable_access_entity_profile.aaep",
            "module.intf_policies.aci_cdp_interface_policy.cdp",
            "module.intf_policies.aci_fabric_if_pol.link_level",
            "module.intf_policies.aci_interface_fc_policy.fc_interface",
            "module.intf_policies.aci_l2_interface_policy.l2_interface",
            "module.intf_policies.aci_lacp_policy.lacp",
            "module.intf_policies.aci_lldp_interface_policy.lldp",
            "module.intf_policies.aci_miscabling_protocol_interface_policy.mcp",
            "module.intf_policies.aci_port_security_policy.port_security",
            "module.intf_policies.aci_rest.stp",
            "module.spine_interface_policy_groups.aci_spine_port_policy_group.spine_port",
            "module.vlan_pools.aci_vlan_pool.vlan_pool"
          ]
        }
      ]
    },
    {
      "module": "module.dc1-spine101_membership",
      "mode": "managed",
      "type": "aci_fabric_node_member",
      "name": "membership",
      "provider": "provider[\"registry.terraform.io/ciscodevnet/aci\"]",
      "instances": [
        {
          "index_key": "dc1-spine101",
          "schema_version": 1,
          "attributes": {
            "annotation": "",
            "description": "",
            "ext_pool_id": "0",
            "fabric_id": "1",
            "id": "uni/controller/nodeidentpol/nodep-TEP-1-103",
            "name": "dc1-spine101",
            "name_alias": "",
            "node_id": "101",
            "node_type": "unspecified",
            "pod_id": "1",
            "role": "spine",
            "serial": "TEP-1-103"
          },
          "sensitive_attributes": [],
          "private": "eyJzY2hlbWFfdmVyc2lvbiI6IjEifQ=="
        }
      ]
    },
    {
      "module": "module.dc1-spine101_spine_profile",
      "mode": "managed",
      "type": "aci_spine_profile",
      "name": "spine_profile",
      "provider": "provider[\"registry.terraform.io/ciscodevnet/aci\"]",
      "instances": [
        {
          "index_key": "dc1-spine101",
          "schema_version": 1,
          "attributes": {
            "annotation": "",
            "description": "",
            "id": "uni/infra/spprof-dc1-spine101",
            "name": "dc1-spine101",
            "name_alias": "",
            "relation_infra_rs_sp_acc_port_p": [
              "uni/infra/spaccportprof-dc1-spine101"
            ]
          },
          "sensitive_attributes": [],
          "private": "eyJzY2hlbWFfdmVyc2lvbiI6IjEifQ==",
          "dependencies": [
            "module.dc1-spine101_interface_profile.aci_spine_interface_profile.spine_interface_profile"
          ]
        }
      ]
    },
    {
      "module": "module.dc1-spine101_spine_profile_sw_assoc",
      "mode": "managed",
      "type": "aci_rest",
      "name": "spine_node_block",
      "provider": "provider[\"registry.terraform.io/ciscodevnet/aci\"]",
      "instances": [
        {
          "index_key": "dc1-spine101",
          "schema_version": 1,
          "attributes": {
            "class_name": "infraNodeBlk",
            "content": null,
            "dn": null,
            "id": "uni/infra/spprof-dc1-spine101/spines-dc1-spine101-typ-range/nodeblk-dc1-spine101",
            "path": "/api/node/mo/uni/infra/spprof-dc1-spine101/spines-dc1-spine101-typ-range.json",
            "payload": "{\n  \"infraNodeBlk\": {\n    \"attributes\": {\n      \"dn\": \"uni/infra/spprof-dc1-spine101/spines-dc1-spine101-typ-range/nodeblk-dc1-spine101\",\n      \"from_\": \"101\",\n      \"to_\": \"101\",\n      \"name\": \"dc1-spine101\",\n    },\n    \"children\": []\n  }\n}\n"
          },
          "sensitive_attributes": [],
          "private": "eyJzY2hlbWFfdmVyc2lvbiI6IjEifQ==",
          "dependencies": [
            "module.dc1-spine101_interface_profile.aci_spine_interface_profile.spine_interface_profile",
            "module.dc1-spine101_spine_profile.aci_spine_profile.spine_profile",
            "module.spine_policy_group.aci_rest.spine_policy_group"
          ]
        }
      ]
    },
    {
      "module": "module.dc1-spine101_spine_profile_sw_assoc",
      "mode": "managed",
      "type": "aci_spine_switch_association",
      "name": "spine_switch_association",
      "provider": "provider[\"registry.terraform.io/ciscodevnet/aci\"]",
      "instances": [
        {
          "index_key": "dc1-spine101",
          "schema_version": 1,
          "attributes": {
            "annotation": "",
            "description": "dc1-spine101 Spine Switch Assocation",
            "id": "uni/infra/spprof-dc1-spine101/spines-dc1-spine101-typ-range",
            "name": "dc1-spine101",
            "name_alias": "",
            "relation_infra_rs_spine_acc_node_p_grp": "{}",
            "spine_profile_dn": "uni/infra/spprof-dc1-spine101",
            "spine_switch_association_type": "range"
          },
          "sensitive_attributes": [],
          "private": "eyJzY2hlbWFfdmVyc2lvbiI6IjEifQ==",
          "dependencies": [
            "module.dc1-spine101_interface_profile.aci_spine_interface_profile.spine_interface_profile",
            "module.dc1-spine101_spine_profile.aci_spine_profile.spine_profile",
            "module.spine_policy_group.aci_rest.spine_policy_group"
          ]
        }
      ]
    },
    {
      "module": "module.domains",
      "mode": "managed",
      "type": "aci_l3_domain_profile",
      "name": "layer3",
      "provider": "provider[\"registry.terraform.io/ciscodevnet/aci\"]",
      "instances": [
        {
          "index_key": "l3out",
          "schema_version": 1,
          "attributes": {
            "annotation": "",
            "description": null,
            "id": "uni/l3dom-l3out",
            "name": "l3out",
            "name_alias": "",
            "relation_extnw_rs_out": [],
            "relation_infra_rs_dom_vxlan_ns_def": "",
            "relation_infra_rs_vip_addr_ns": "",
            "relation_infra_rs_vlan_ns": "uni/infra/vlanns-[l3out]-static",
            "relation_infra_rs_vlan_ns_def": null
          },
          "sensitive_attributes": [],
          "private": "eyJzY2hlbWFfdmVyc2lvbiI6IjEifQ==",
          "dependencies": [
            "module.vlan_pools.aci_vlan_pool.vlan_pool"
          ]
        }
      ]
    },
    {
      "module": "module.domains",
      "mode": "managed",
      "type": "aci_physical_domain",
      "name": "physical",
      "provider": "provider[\"registry.terraform.io/ciscodevnet/aci\"]",
      "instances": [
        {
          "index_key": "access",
          "schema_version": 1,
          "attributes": {
            "annotation": "",
            "description": null,
            "id": "uni/phys-access",
            "name": "access",
            "name_alias": "",
            "relation_infra_rs_dom_vxlan_ns_def": "",
            "relation_infra_rs_vip_addr_ns": "",
            "relation_infra_rs_vlan_ns": "uni/infra/vlanns-[access]-static",
            "relation_infra_rs_vlan_ns_def": ""
          },
          "sensitive_attributes": [],
          "private": "eyJzY2hlbWFfdmVyc2lvbiI6IjEifQ==",
          "dependencies": [
            "module.vlan_pools.aci_vlan_pool.vlan_pool"
          ]
        }
      ]
    },
    {
      "module": "module.global_policies",
      "mode": "managed",
      "type": "aci_attachable_access_entity_profile",
      "name": "aaep",
      "provider": "provider[\"registry.terraform.io/ciscodevnet/aci\"]",
      "instances": [
        {
          "index_key": "access",
          "schema_version": 1,
          "attributes": {
            "annotation": "",
            "description": "access AAEP Policy",
            "id": "uni/infra/attentp-access",
            "name": "access",
            "name_alias": "",
            "relation_infra_rs_dom_p": [
              "uni/l3dom-l3out"
            ]
          },
          "sensitive_attributes": [],
          "private": "eyJzY2hlbWFfdmVyc2lvbiI6IjEifQ==",
          "dependencies": [
            "module.domains.aci_l3_domain_profile.layer3",
            "module.domains.aci_physical_domain.physical",
            "module.vlan_pools.aci_vlan_pool.vlan_pool"
          ]
        },
        {
          "index_key": "l3out",
          "schema_version": 1,
          "attributes": {
            "annotation": "",
            "description": "l3out AAEP Policy",
            "id": "uni/infra/attentp-l3out",
            "name": "l3out",
            "name_alias": "",
            "relation_infra_rs_dom_p": [
              "uni/phys-access"
            ]
          },
          "sensitive_attributes": [],
          "private": "eyJzY2hlbWFfdmVyc2lvbiI6IjEifQ==",
          "dependencies": [
            "module.domains.aci_l3_domain_profile.layer3",
            "module.domains.aci_physical_domain.physical",
            "module.vlan_pools.aci_vlan_pool.vlan_pool"
          ]
        }
      ]
    },
    {
      "module": "module.intf_policies",
      "mode": "managed",
      "type": "aci_cdp_interface_policy",
      "name": "cdp",
      "provider": "provider[\"registry.terraform.io/ciscodevnet/aci\"]",
      "instances": [
        {
          "index_key": "cdp_disabled",
          "schema_version": 1,
          "attributes": {
            "admin_st": "disabled",
            "annotation": "",
            "description": "",
            "id": "uni/infra/cdpIfP-cdp_disabled",
            "name": "cdp_disabled",
            "name_alias": ""
          },
          "sensitive_attributes": [],
          "private": "eyJzY2hlbWFfdmVyc2lvbiI6IjEifQ=="
        },
        {
          "index_key": "cdp_enabled",
          "schema_version": 1,
          "attributes": {
            "admin_st": "enabled",
            "annotation": "",
            "description": "",
            "id": "uni/infra/cdpIfP-cdp_enabled",
            "name": "cdp_enabled",
            "name_alias": ""
          },
          "sensitive_attributes": [],
          "private": "eyJzY2hlbWFfdmVyc2lvbiI6IjEifQ=="
        }
      ]
    },
    {
      "module": "module.intf_policies",
      "mode": "managed",
      "type": "aci_fabric_if_pol",
      "name": "link_level",
      "provider": "provider[\"registry.terraform.io/ciscodevnet/aci\"]",
      "instances": [
        {
          "index_key": "10g_auto",
          "schema_version": 1,
          "attributes": {
            "annotation": "",
            "auto_neg": "on",
            "description": "10G auto negotiation Link Level Policy",
            "fec_mode": "inherit",
            "id": "uni/infra/hintfpol-10g_auto",
            "link_debounce": "100",
            "name": "10g_auto",
            "name_alias": "",
            "speed": "10G"
          },
          "sensitive_attributes": [],
          "private": "eyJzY2hlbWFfdmVyc2lvbiI6IjEifQ=="
        },
        {
          "index_key": "10g_noneg",
          "schema_version": 1,
          "attributes": {
            "annotation": "",
            "auto_neg": "off",
            "description": "10G no-negotiate Link Level Policy",
            "fec_mode": "inherit",
            "id": "uni/infra/hintfpol-10g_noneg",
            "link_debounce": "100",
            "name": "10g_noneg",
            "name_alias": "",
            "speed": "10G"
          },
          "sensitive_attributes": [],
          "private": "eyJzY2hlbWFfdmVyc2lvbiI6IjEifQ=="
        },
        {
          "index_key": "1g_auto",
          "schema_version": 1,
          "attributes": {
            "annotation": "",
            "auto_neg": "on",
            "description": "10G auto negotiation Link Level Policy",
            "fec_mode": "inherit",
            "id": "uni/infra/hintfpol-1g_auto",
            "link_debounce": "100",
            "name": "1g_auto",
            "name_alias": "",
            "speed": "1G"
          },
          "sensitive_attributes": [],
          "private": "eyJzY2hlbWFfdmVyc2lvbiI6IjEifQ=="
        },
        {
          "index_key": "1g_noneg",
          "schema_version": 1,
          "attributes": {
            "annotation": "",
            "auto_neg": "off",
            "description": "10G no-negotiate Link Level Policy",
            "fec_mode": "inherit",
            "id": "uni/infra/hintfpol-1g_noneg",
            "link_debounce": "100",
            "name": "1g_noneg",
            "name_alias": "",
            "speed": "1G"
          },
          "sensitive_attributes": [],
          "private": "eyJzY2hlbWFfdmVyc2lvbiI6IjEifQ=="
        },
        {
          "index_key": "25g_auto",
          "schema_version": 1,
          "attributes": {
            "annotation": "",
            "auto_neg": "on",
            "description": "25G auto negotiation Link Level Policy",
            "fec_mode": "inherit",
            "id": "uni/infra/hintfpol-25g_auto",
            "link_debounce": "100",
            "name": "25g_auto",
            "name_alias": "",
            "speed": "25G"
          },
          "sensitive_attributes": [],
          "private": "eyJzY2hlbWFfdmVyc2lvbiI6IjEifQ=="
        },
        {
          "index_key": "25g_noneg",
          "schema_version": 1,
          "attributes": {
            "annotation": "",
            "auto_neg": "off",
            "description": "25G no-negotiate Link Level Policy.  Spectrum is Cool",
            "fec_mode": "inherit",
            "id": "uni/infra/hintfpol-25g_noneg",
            "link_debounce": "100",
            "name": "25g_noneg",
            "name_alias": "",
            "speed": "25G"
          },
          "sensitive_attributes": [],
          "private": "eyJzY2hlbWFfdmVyc2lvbiI6IjEifQ=="
        },
        {
          "index_key": "inherit_auto",
          "schema_version": 1,
          "attributes": {
            "annotation": "",
            "auto_neg": "on",
            "description": "Inherit Auto Link Level Policy... Same as default",
            "fec_mode": "inherit",
            "id": "uni/infra/hintfpol-inherit_auto",
            "link_debounce": "100",
            "name": "inherit_auto",
            "name_alias": "",
            "speed": "inherit"
          },
          "sensitive_attributes": [],
          "private": "eyJzY2hlbWFfdmVyc2lvbiI6IjEifQ=="
        },
        {
          "index_key": "inherit_noneg",
          "schema_version": 1,
          "attributes": {
            "annotation": "",
            "auto_neg": "off",
            "description": "inherit no-negotiate Link Level Policy",
            "fec_mode": "inherit",
            "id": "uni/infra/hintfpol-inherit_noneg",
            "link_debounce": "100",
            "name": "inherit_noneg",
            "name_alias": "",
            "speed": "inherit"
          },
          "sensitive_attributes": [],
          "private": "eyJzY2hlbWFfdmVyc2lvbiI6IjEifQ=="
        }
      ]
    },
    {
      "module": "module.intf_policies",
      "mode": "managed",
      "type": "aci_interface_fc_policy",
      "name": "fc_interface",
      "provider": "provider[\"registry.terraform.io/ciscodevnet/aci\"]",
      "instances": [
        {
          "index_key": "auto_f_port",
          "schema_version": 1,
          "attributes": {
            "annotation": "",
            "automaxspeed": "32G",
            "description": "FC Interface Policy for Auto Speed, F Port, trunk-off",
            "fill_pattern": "IDLE",
            "id": "uni/infra/fcIfPol-auto_f_port",
            "name": "auto_f_port",
            "name_alias": "",
            "port_mode": "f",
            "rx_bb_credit": "64",
            "speed": "auto",
            "trunk_mode": "trunk-off"
          },
          "sensitive_attributes": [],
          "private": "eyJzY2hlbWFfdmVyc2lvbiI6IjEifQ=="
        },
        {
          "index_key": "auto_f_trunk",
          "schema_version": 1,
          "attributes": {
            "annotation": "",
            "automaxspeed": "32G",
            "description": "FC Interface Policy for Auto Speed, F Port, trunk-on",
            "fill_pattern": "IDLE",
            "id": "uni/infra/fcIfPol-auto_f_trunk",
            "name": "auto_f_trunk",
            "name_alias": "",
            "port_mode": "f",
            "rx_bb_credit": "64",
            "speed": "auto",
            "trunk_mode": "trunk-on"
          },
          "sensitive_attributes": [],
          "private": "eyJzY2hlbWFfdmVyc2lvbiI6IjEifQ=="
        },
        {
          "index_key": "auto_np_port",
          "schema_version": 1,
          "attributes": {
            "annotation": "",
            "automaxspeed": "32G",
            "description": "FC Interface Policy for Auto Speed, NP Port, trunk-off",
            "fill_pattern": "IDLE",
            "id": "uni/infra/fcIfPol-auto_np_port",
            "name": "auto_np_port",
            "name_alias": "",
            "port_mode": "np",
            "rx_bb_credit": "64",
            "speed": "auto",
            "trunk_mode": "trunk-off"
          },
          "sensitive_attributes": [],
          "private": "eyJzY2hlbWFfdmVyc2lvbiI6IjEifQ=="
        },
        {
          "index_key": "auto_np_trunk",
          "schema_version": 1,
          "attributes": {
            "annotation": "",
            "automaxspeed": "32G",
            "description": "FC Interface Policy for Auto Speed, NP Port, trunk-on",
            "fill_pattern": "IDLE",
            "id": "uni/infra/fcIfPol-auto_np_trunk",
            "name": "auto_np_trunk",
            "name_alias": "",
            "port_mode": "np",
            "rx_bb_credit": "64",
            "speed": "auto",
            "trunk_mode": "trunk-on"
          },
          "sensitive_attributes": [],
          "private": "eyJzY2hlbWFfdmVyc2lvbiI6IjEifQ=="
        }
      ]
    },
    {
      "module": "module.intf_policies",
      "mode": "managed",
      "type": "aci_l2_interface_policy",
      "name": "l2_interface",
      "provider": "provider[\"registry.terraform.io/ciscodevnet/aci\"]",
      "instances": [
        {
          "index_key": "default",
          "schema_version": 1,
          "attributes": {
            "annotation": "",
            "description": "Default L2 Policy for QnQ/VLAN Scope",
            "id": "uni/infra/l2IfP-default",
            "name": "default",
            "name_alias": "",
            "qinq": "disabled",
            "vepa": "disabled",
            "vlan_scope": "global"
          },
          "sensitive_attributes": [],
          "private": "eyJzY2hlbWFfdmVyc2lvbiI6IjEifQ=="
        }
      ]
    },
    {
      "module": "module.intf_policies",
      "mode": "managed",
      "type": "aci_lacp_policy",
      "name": "lacp",
      "provider": "provider[\"registry.terraform.io/ciscodevnet/aci\"]",
      "instances": [
        {
          "index_key": "lacp_active",
          "schema_version": 1,
          "attributes": {
            "annotation": "",
            "ctrl": [
              "fast-sel-hot-stdby",
              "graceful-conv",
              "susp-individual"
            ],
            "description": "LACP Default Active Policy",
            "id": "uni/infra/lacplagp-lacp_active",
            "max_links": "16",
            "min_links": "1",
            "mode": "active",
            "name": "lacp_active",
            "name_alias": ""
          },
          "sensitive_attributes": [],
          "private": "eyJzY2hlbWFfdmVyc2lvbiI6IjEifQ=="
        },
        {
          "index_key": "lacp_mac_pin",
          "schema_version": 1,
          "attributes": {
            "annotation": "",
            "ctrl": [
              "fast-sel-hot-stdby",
              "graceful-conv",
              "susp-individual"
            ],
            "description": "LACP Default MAC PIN Policy",
            "id": "uni/infra/lacplagp-lacp_mac_pin",
            "max_links": "16",
            "min_links": "1",
            "mode": "mac-pin",
            "name": "lacp_mac_pin",
            "name_alias": ""
          },
          "sensitive_attributes": [],
          "private": "eyJzY2hlbWFfdmVyc2lvbiI6IjEifQ=="
        },
        {
          "index_key": "lacp_mac_pin_nicload",
          "schema_version": 1,
          "attributes": {
            "annotation": "",
            "ctrl": [
              "fast-sel-hot-stdby",
              "graceful-conv",
              "susp-individual"
            ],
            "description": "LACP Default MAC Pin Nic Load Policy",
            "id": "uni/infra/lacplagp-lacp_mac_pin_nicload",
            "max_links": "16",
            "min_links": "1",
            "mode": "mac-pin",
            "name": "lacp_mac_pin_nicload",
            "name_alias": ""
          },
          "sensitive_attributes": [],
          "private": "eyJzY2hlbWFfdmVyc2lvbiI6IjEifQ=="
        }
      ]
    },
    {
      "module": "module.intf_policies",
      "mode": "managed",
      "type": "aci_lldp_interface_policy",
      "name": "lldp",
      "provider": "provider[\"registry.terraform.io/ciscodevnet/aci\"]",
      "instances": [
        {
          "index_key": "lldp_both_disabled",
          "schema_version": 1,
          "attributes": {
            "admin_rx_st": "disabled",
            "admin_tx_st": "disabled",
            "annotation": "",
            "description": "Policy to disable RX and TX of the LLDP Protocol",
            "id": "uni/infra/lldpIfP-lldp_both_disabled",
            "name": "lldp_both_disabled",
            "name_alias": ""
          },
          "sensitive_attributes": [],
          "private": "eyJzY2hlbWFfdmVyc2lvbiI6IjEifQ=="
        },
        {
          "index_key": "lldp_both_enabled",
          "schema_version": 1,
          "attributes": {
            "admin_rx_st": "enabled",
            "admin_tx_st": "enabled",
            "annotation": "",
            "description": "Policy to enable RX and TX of the LLDP Protocol",
            "id": "uni/infra/lldpIfP-lldp_both_enabled",
            "name": "lldp_both_enabled",
            "name_alias": ""
          },
          "sensitive_attributes": [],
          "private": "eyJzY2hlbWFfdmVyc2lvbiI6IjEifQ=="
        },
        {
          "index_key": "lldp_rx_enabled",
          "schema_version": 1,
          "attributes": {
            "admin_rx_st": "enabled",
            "admin_tx_st": "disabled",
            "annotation": "",
            "description": "Policy to enable RX of the LLDP Protocol",
            "id": "uni/infra/lldpIfP-lldp_rx_enabled",
            "name": "lldp_rx_enabled",
            "name_alias": ""
          },
          "sensitive_attributes": [],
          "private": "eyJzY2hlbWFfdmVyc2lvbiI6IjEifQ=="
        },
        {
          "index_key": "lldp_tx_enabled",
          "schema_version": 1,
          "attributes": {
            "admin_rx_st": "disabled",
            "admin_tx_st": "enabled",
            "annotation": "",
            "description": "Policy to enable TX of the LLDP Protocol",
            "id": "uni/infra/lldpIfP-lldp_tx_enabled",
            "name": "lldp_tx_enabled",
            "name_alias": ""
          },
          "sensitive_attributes": [],
          "private": "eyJzY2hlbWFfdmVyc2lvbiI6IjEifQ=="
        }
      ]
    },
    {
      "module": "module.intf_policies",
      "mode": "managed",
      "type": "aci_miscabling_protocol_interface_policy",
      "name": "mcp",
      "provider": "provider[\"registry.terraform.io/ciscodevnet/aci\"]",
      "instances": [
        {
          "index_key": "mcp_disabled",
          "schema_version": 1,
          "attributes": {
            "admin_st": "disabled",
            "annotation": "",
            "description": "",
            "id": "uni/infra/mcpIfP-mcp_disabled",
            "name": "mcp_disabled",
            "name_alias": ""
          },
          "sensitive_attributes": [],
          "private": "eyJzY2hlbWFfdmVyc2lvbiI6IjEifQ=="
        },
        {
          "index_key": "mcp_enabled",
          "schema_version": 1,
          "attributes": {
            "admin_st": "enabled",
            "annotation": "",
            "description": "",
            "id": "uni/infra/mcpIfP-mcp_enabled",
            "name": "mcp_enabled",
            "name_alias": ""
          },
          "sensitive_attributes": [],
          "private": "eyJzY2hlbWFfdmVyc2lvbiI6IjEifQ=="
        }
      ]
    },
    {
      "module": "module.intf_policies",
      "mode": "managed",
      "type": "aci_port_security_policy",
      "name": "port_security",
      "provider": "provider[\"registry.terraform.io/ciscodevnet/aci\"]",
      "instances": [
        {
          "index_key": "default",
          "schema_version": 1,
          "attributes": {
            "annotation": "",
            "description": "",
            "id": "uni/infra/portsecurityP-default",
            "maximum": "0",
            "mode": "",
            "name": "default",
            "name_alias": "",
            "timeout": "60",
            "violation": "protect"
          },
          "sensitive_attributes": [],
          "private": "eyJzY2hlbWFfdmVyc2lvbiI6IjEifQ=="
        }
      ]
    },
    {
      "module": "module.intf_policies",
      "mode": "managed",
      "type": "aci_rest",
      "name": "stp",
      "provider": "provider[\"registry.terraform.io/ciscodevnet/aci\"]",
      "instances": [
        {
          "index_key": "bpdu_ft",
          "schema_version": 1,
          "attributes": {
            "class_name": "stpIfPol",
            "content": null,
            "dn": null,
            "id": "uni/infra/ifPol-bpdu_ft",
            "path": "/api/node/mo/uni/infra/ifPol-bpdu_ft.json",
            "payload": "{\n  \"stpIfPol\": {\n    \"attributes\": {\n      \"dn\": \"uni/infra/ifPol-bpdu_ft\",\n      \"annotation\": \"\",\n      \"ctrl\": \"bpdu-filter\",\n      \"descr\": \"STP Policy with BPDU Filter Enabled\",\n      \"name\": \"bpdu_ft\",\n      \"nameAlias\": \"\"\n    }\n  }\n}\n"
          },
          "sensitive_attributes": [],
          "private": "eyJzY2hlbWFfdmVyc2lvbiI6IjEifQ=="
        },
        {
          "index_key": "bpdu_ft_gd",
          "schema_version": 1,
          "attributes": {
            "class_name": "stpIfPol",
            "content": null,
            "dn": null,
            "id": "uni/infra/ifPol-bpdu_fg",
            "path": "/api/node/mo/uni/infra/ifPol-bpdu_fg.json",
            "payload": "{\n  \"stpIfPol\": {\n    \"attributes\": {\n      \"dn\": \"uni/infra/ifPol-bpdu_fg\",\n      \"annotation\": \"\",\n      \"ctrl\": \"bpdu-filter, bpdu-guard\",\n      \"descr\": \"STP Policy with BPDU Filter and Guard Enabled\",\n      \"name\": \"bpdu_fg\",\n      \"nameAlias\": \"\"\n    }\n  }\n}\n"
          },
          "sensitive_attributes": [],
          "private": "eyJzY2hlbWFfdmVyc2lvbiI6IjEifQ=="
        },
        {
          "index_key": "bpdu_gd",
          "schema_version": 1,
          "attributes": {
            "class_name": "stpIfPol",
            "content": null,
            "dn": null,
            "id": "uni/infra/ifPol-bpdu_ft",
            "path": "/api/node/mo/uni/infra/ifPol-bpdu_ft.json",
            "payload": "{\n  \"stpIfPol\": {\n    \"attributes\": {\n      \"dn\": \"uni/infra/ifPol-bpdu_ft\",\n      \"annotation\": \"\",\n      \"ctrl\": \"bpdu-guard\",\n      \"descr\": \"STP Policy with BPDU Guard Enabled\",\n      \"name\": \"bpdu_ft\",\n      \"nameAlias\": \"\"\n    }\n  }\n}\n"
          },
          "sensitive_attributes": [],
          "private": "eyJzY2hlbWFfdmVyc2lvbiI6IjEifQ=="
        },
        {
          "index_key": "bpdu_no_ft_gd",
          "schema_version": 1,
          "attributes": {
            "class_name": "stpIfPol",
            "content": null,
            "dn": null,
            "id": "uni/infra/ifPol-bpdu_ft",
            "path": "/api/node/mo/uni/infra/ifPol-bpdu_ft.json",
            "payload": "{\n  \"stpIfPol\": {\n    \"attributes\": {\n      \"dn\": \"uni/infra/ifPol-bpdu_ft\",\n      \"annotation\": \"\",\n      \"ctrl\": \"\",\n      \"descr\": \"STP Policy with BPDU Filter and Guard Disabled\",\n      \"name\": \"bpdu_ft\",\n      \"nameAlias\": \"\"\n    }\n  }\n}\n"
          },
          "sensitive_attributes": [],
          "private": "eyJzY2hlbWFfdmVyc2lvbiI6IjEifQ=="
        }
      ]
    },
    {
      "module": "module.leaf_interface_policy_groups",
      "mode": "managed",
      "type": "aci_leaf_access_bundle_policy_group",
      "name": "bundle",
      "provider": "provider[\"registry.terraform.io/ciscodevnet/aci\"]",
      "instances": [
        {
          "index_key": "server_vpc",
          "schema_version": 1,
          "attributes": {
            "annotation": "",
            "description": "VPC to Server Device",
            "id": "uni/infra/funcprof/accbundle-server_vpc",
            "lag_t": "node",
            "name": "server_vpc",
            "name_alias": "",
            "relation_infra_rs_att_ent_p": "uni/infra/attentp-access",
            "relation_infra_rs_cdp_if_pol": "uni/infra/cdpIfP-cdp_enabled",
            "relation_infra_rs_copp_if_pol": "uni/infra/coppifpol-default",
            "relation_infra_rs_fc_if_pol": "uni/infra/fcIfPol-default",
            "relation_infra_rs_h_if_pol": "uni/infra/hintfpol-inherit_auto",
            "relation_infra_rs_l2_if_pol": "uni/infra/l2IfP-default",
            "relation_infra_rs_l2_inst_pol": "uni/fabric/l2pol-default",
            "relation_infra_rs_l2_port_auth_pol": null,
            "relation_infra_rs_l2_port_security_pol": "uni/infra/portsecurityP-default",
            "relation_infra_rs_lacp_pol": "uni/infra/lacplagp-lacp_active",
            "relation_infra_rs_lldp_if_pol": "uni/infra/lldpIfP-lldp_both_enabled",
            "relation_infra_rs_macsec_if_pol": "uni/infra/hintfpol-inherit_auto",
            "relation_infra_rs_mcp_if_pol": "uni/infra/mcpIfP-mcp_enabled",
            "relation_infra_rs_mon_if_infra_pol": "uni/infra/moninfra-default",
            "relation_infra_rs_netflow_monitor_pol": [],
            "relation_infra_rs_qos_dpp_if_pol": "uni/infra/qosdpppol-default",
            "relation_infra_rs_qos_egress_dpp_if_pol": "uni/infra/qosdpppol-default",
            "relation_infra_rs_qos_ingress_dpp_if_pol": "uni/infra/qosdpppol-default",
            "relation_infra_rs_qos_pfc_if_pol": "uni/infra/pfc-default",
            "relation_infra_rs_qos_sd_if_pol": "uni/infra/qossdpol-default",
            "relation_infra_rs_span_v_dest_grp": [],
            "relation_infra_rs_span_v_src_grp": [],
            "relation_infra_rs_stormctrl_if_pol": "uni/infra/stormctrlifp-default",
            "relation_infra_rs_stp_if_pol": "uni/infra/ifPol-bpdu_fg"
          },
          "sensitive_attributes": [],
          "private": "eyJzY2hlbWFfdmVyc2lvbiI6IjEifQ==",
          "dependencies": [
            "module.domains.aci_l3_domain_profile.layer3",
            "module.domains.aci_physical_domain.physical",
            "module.global_policies.aci_attachable_access_entity_profile.aaep",
            "module.intf_policies.aci_cdp_interface_policy.cdp",
            "module.intf_policies.aci_fabric_if_pol.link_level",
            "module.intf_policies.aci_interface_fc_policy.fc_interface",
            "module.intf_policies.aci_l2_interface_policy.l2_interface",
            "module.intf_policies.aci_lacp_policy.lacp",
            "module.intf_policies.aci_lldp_interface_policy.lldp",
            "module.intf_policies.aci_miscabling_protocol_interface_policy.mcp",
            "module.intf_policies.aci_port_security_policy.port_security",
            "module.intf_policies.aci_rest.stp",
            "module.vlan_pools.aci_vlan_pool.vlan_pool"
          ]
        }
      ]
    },
    {
      "module": "module.leaf_interface_policy_groups",
      "mode": "managed",
      "type": "aci_leaf_access_port_policy_group",
      "name": "access",
      "provider": "provider[\"registry.terraform.io/ciscodevnet/aci\"]",
      "instances": [
        {
          "index_key": "access",
          "schema_version": 1,
          "attributes": {
            "annotation": "",
            "description": "Acess Port Policy Group.",
            "id": "uni/infra/funcprof/accportgrp-access",
            "name": "access",
            "name_alias": "",
            "relation_infra_rs_att_ent_p": "uni/infra/attentp-access",
            "relation_infra_rs_cdp_if_pol": "uni/infra/cdpIfP-cdp_enabled",
            "relation_infra_rs_copp_if_pol": "uni/infra/coppifpol-default",
            "relation_infra_rs_dwdm_if_pol": "uni/infra/dwdmifpol-default",
            "relation_infra_rs_fc_if_pol": "uni/infra/fcIfPol-default",
            "relation_infra_rs_h_if_pol": "uni/infra/hintfpol-inherit_auto",
            "relation_infra_rs_l2_if_pol": "uni/infra/l2IfP-default",
            "relation_infra_rs_l2_inst_pol": "uni/fabric/l2pol-default",
            "relation_infra_rs_l2_port_auth_pol": "uni/infra/portauthpol-default",
            "relation_infra_rs_l2_port_security_pol": "uni/infra/portsecurityP-default",
            "relation_infra_rs_lldp_if_pol": "uni/infra/lldpIfP-lldp_both_enabled",
            "relation_infra_rs_macsec_if_pol": "uni/infra/hintfpol-inherit_auto",
            "relation_infra_rs_mcp_if_pol": "uni/infra/mcpIfP-mcp_enabled",
            "relation_infra_rs_mon_if_infra_pol": "uni/infra/moninfra-default",
            "relation_infra_rs_netflow_monitor_pol": [],
            "relation_infra_rs_poe_if_pol": "",
            "relation_infra_rs_qos_dpp_if_pol": "uni/infra/qosdpppol-default",
            "relation_infra_rs_qos_egress_dpp_if_pol": "uni/infra/qosdpppol-default",
            "relation_infra_rs_qos_ingress_dpp_if_pol": "uni/infra/qosdpppol-default",
            "relation_infra_rs_qos_pfc_if_pol": "uni/infra/pfc-default",
            "relation_infra_rs_qos_sd_if_pol": "uni/infra/qossdpol-default",
            "relation_infra_rs_span_v_dest_grp": [],
            "relation_infra_rs_span_v_src_grp": [],
            "relation_infra_rs_stormctrl_if_pol": "uni/infra/stormctrlifp-default",
            "relation_infra_rs_stp_if_pol": "uni/infra/ifPol-bpdu_fg"
          },
          "sensitive_attributes": [],
          "private": "eyJzY2hlbWFfdmVyc2lvbiI6IjEifQ==",
          "dependencies": [
            "module.domains.aci_l3_domain_profile.layer3",
            "module.domains.aci_physical_domain.physical",
            "module.global_policies.aci_attachable_access_entity_profile.aaep",
            "module.intf_policies.aci_cdp_interface_policy.cdp",
            "module.intf_policies.aci_fabric_if_pol.link_level",
            "module.intf_policies.aci_interface_fc_policy.fc_interface",
            "module.intf_policies.aci_l2_interface_policy.l2_interface",
            "module.intf_policies.aci_lacp_policy.lacp",
            "module.intf_policies.aci_lldp_interface_policy.lldp",
            "module.intf_policies.aci_miscabling_protocol_interface_policy.mcp",
            "module.intf_policies.aci_port_security_policy.port_security",
            "module.intf_policies.aci_rest.stp",
            "module.vlan_pools.aci_vlan_pool.vlan_pool"
          ]
        }
      ]
    },
    {
      "module": "module.leaf_interface_policy_groups",
      "mode": "managed",
      "type": "aci_rest",
      "name": "breakout",
      "provider": "provider[\"registry.terraform.io/ciscodevnet/aci\"]",
      "instances": [
        {
          "index_key": "100g-2x",
          "schema_version": 1,
          "attributes": {
            "class_name": "infraBrkoutPortGrp",
            "content": null,
            "dn": null,
            "id": "uni/infra/funcprof/brkoutportgrp-100g-2x",
            "path": "/api/node/mo/uni/infra/funcprof/brkoutportgrp-100g-2x.json",
            "payload": "{\n  \"infraBrkoutPortGrp\": {\n    \"attributes\": {\n      \"dn\": \"uni/infra/funcprof/brkoutportgrp-100g-2x\",\n      \"annotation\": \"\",\n      \"brkoutMap\": \"100g-2x\",\n      \"descr\": \"default 2x100G Breakout Policy.\",\n      \"name\": \"100g-2x\",\n      \"nameAlias\": \"\"\n    },\n    \"children\": []\n  }\n}\n"
          },
          "sensitive_attributes": [],
          "private": "eyJzY2hlbWFfdmVyc2lvbiI6IjEifQ==",
          "dependencies": [
            "module.intf_policies.aci_cdp_interface_policy.cdp",
            "module.intf_policies.aci_fabric_if_pol.link_level",
            "module.intf_policies.aci_interface_fc_policy.fc_interface",
            "module.intf_policies.aci_l2_interface_policy.l2_interface",
            "module.intf_policies.aci_lacp_policy.lacp",
            "module.intf_policies.aci_lldp_interface_policy.lldp",
            "module.intf_policies.aci_miscabling_protocol_interface_policy.mcp",
            "module.intf_policies.aci_port_security_policy.port_security",
            "module.intf_policies.aci_rest.stp"
          ]
        },
        {
          "index_key": "100g-4x",
          "schema_version": 1,
          "attributes": {
            "class_name": "infraBrkoutPortGrp",
            "content": null,
            "dn": null,
            "id": "uni/infra/funcprof/brkoutportgrp-100g-4x",
            "path": "/api/node/mo/uni/infra/funcprof/brkoutportgrp-100g-4x.json",
            "payload": "{\n  \"infraBrkoutPortGrp\": {\n    \"attributes\": {\n      \"dn\": \"uni/infra/funcprof/brkoutportgrp-100g-4x\",\n      \"annotation\": \"\",\n      \"brkoutMap\": \"100g-4x\",\n      \"descr\": \"default 4x100G Breakout Policy.\",\n      \"name\": \"100g-4x\",\n      \"nameAlias\": \"\"\n    },\n    \"children\": []\n  }\n}\n"
          },
          "sensitive_attributes": [],
          "private": "eyJzY2hlbWFfdmVyc2lvbiI6IjEifQ==",
          "dependencies": [
            "module.intf_policies.aci_cdp_interface_policy.cdp",
            "module.intf_policies.aci_fabric_if_pol.link_level",
            "module.intf_policies.aci_interface_fc_policy.fc_interface",
            "module.intf_policies.aci_l2_interface_policy.l2_interface",
            "module.intf_policies.aci_lacp_policy.lacp",
            "module.intf_policies.aci_lldp_interface_policy.lldp",
            "module.intf_policies.aci_miscabling_protocol_interface_policy.mcp",
            "module.intf_policies.aci_port_security_policy.port_security",
            "module.intf_policies.aci_rest.stp"
          ]
        },
        {
          "index_key": "10g-4x",
          "schema_version": 1,
          "attributes": {
            "class_name": "infraBrkoutPortGrp",
            "content": null,
            "dn": null,
            "id": "uni/infra/funcprof/brkoutportgrp-10g-4x",
            "path": "/api/node/mo/uni/infra/funcprof/brkoutportgrp-10g-4x.json",
            "payload": "{\n  \"infraBrkoutPortGrp\": {\n    \"attributes\": {\n      \"dn\": \"uni/infra/funcprof/brkoutportgrp-10g-4x\",\n      \"annotation\": \"\",\n      \"brkoutMap\": \"10g-4x\",\n      \"descr\": \"\",\n      \"name\": \"10g-4x\",\n      \"nameAlias\": \"\"\n    },\n    \"children\": []\n  }\n}\n"
          },
          "sensitive_attributes": [],
          "private": "eyJzY2hlbWFfdmVyc2lvbiI6IjEifQ==",
          "dependencies": [
            "module.intf_policies.aci_cdp_interface_policy.cdp",
            "module.intf_policies.aci_fabric_if_pol.link_level",
            "module.intf_policies.aci_interface_fc_policy.fc_interface",
            "module.intf_policies.aci_l2_interface_policy.l2_interface",
            "module.intf_policies.aci_lacp_policy.lacp",
            "module.intf_policies.aci_lldp_interface_policy.lldp",
            "module.intf_policies.aci_miscabling_protocol_interface_policy.mcp",
            "module.intf_policies.aci_port_security_policy.port_security",
            "module.intf_policies.aci_rest.stp"
          ]
        },
        {
          "index_key": "25g-4x",
          "schema_version": 1,
          "attributes": {
            "class_name": "infraBrkoutPortGrp",
            "content": null,
            "dn": null,
            "id": "uni/infra/funcprof/brkoutportgrp-25g-4x",
            "path": "/api/node/mo/uni/infra/funcprof/brkoutportgrp-25g-4x.json",
            "payload": "{\n  \"infraBrkoutPortGrp\": {\n    \"attributes\": {\n      \"dn\": \"uni/infra/funcprof/brkoutportgrp-25g-4x\",\n      \"annotation\": \"\",\n      \"brkoutMap\": \"25g-4x\",\n      \"descr\": \"New default 4x25G Breakout Policy.\",\n      \"name\": \"25g-4x\",\n      \"nameAlias\": \"\"\n    },\n    \"children\": []\n  }\n}\n"
          },
          "sensitive_attributes": [],
          "private": "eyJzY2hlbWFfdmVyc2lvbiI6IjEifQ==",
          "dependencies": [
            "module.intf_policies.aci_cdp_interface_policy.cdp",
            "module.intf_policies.aci_fabric_if_pol.link_level",
            "module.intf_policies.aci_interface_fc_policy.fc_interface",
            "module.intf_policies.aci_l2_interface_policy.l2_interface",
            "module.intf_policies.aci_lacp_policy.lacp",
            "module.intf_policies.aci_lldp_interface_policy.lldp",
            "module.intf_policies.aci_miscabling_protocol_interface_policy.mcp",
            "module.intf_policies.aci_port_security_policy.port_security",
            "module.intf_policies.aci_rest.stp"
          ]
        },
        {
          "index_key": "50g-8x",
          "schema_version": 1,
          "attributes": {
            "class_name": "infraBrkoutPortGrp",
            "content": null,
            "dn": null,
            "id": "uni/infra/funcprof/brkoutportgrp-50g-8x",
            "path": "/api/node/mo/uni/infra/funcprof/brkoutportgrp-50g-8x.json",
            "payload": "{\n  \"infraBrkoutPortGrp\": {\n    \"attributes\": {\n      \"dn\": \"uni/infra/funcprof/brkoutportgrp-50g-8x\",\n      \"annotation\": \"\",\n      \"brkoutMap\": \"50g-8x\",\n      \"descr\": \"default 8x50G Breakout Policy.\",\n      \"name\": \"50g-8x\",\n      \"nameAlias\": \"\"\n    },\n    \"children\": []\n  }\n}\n"
          },
          "sensitive_attributes": [],
          "private": "eyJzY2hlbWFfdmVyc2lvbiI6IjEifQ==",
          "dependencies": [
            "module.intf_policies.aci_cdp_interface_policy.cdp",
            "module.intf_policies.aci_fabric_if_pol.link_level",
            "module.intf_policies.aci_interface_fc_policy.fc_interface",
            "module.intf_policies.aci_l2_interface_policy.l2_interface",
            "module.intf_policies.aci_lacp_policy.lacp",
            "module.intf_policies.aci_lldp_interface_policy.lldp",
            "module.intf_policies.aci_miscabling_protocol_interface_policy.mcp",
            "module.intf_policies.aci_port_security_policy.port_security",
            "module.intf_policies.aci_rest.stp"
          ]
        }
      ]
    },
    {
      "module": "module.leaf_policy_group",
      "mode": "managed",
      "type": "aci_rest",
      "name": "leaf_policy_group",
      "provider": "provider[\"registry.terraform.io/ciscodevnet/aci\"]",
      "instances": [
        {
          "index_key": "default",
          "schema_version": 1,
          "attributes": {
            "class_name": "infraAccNodePGrp",
            "content": null,
            "dn": null,
            "id": "uni/infra/funcprof/accnodepgrp-default",
            "path": "/api/node/mo/uni/infra/funcprof/accnodepgrp-default.json",
            "payload": "{\n  \"infraAccNodePGrp\": {\n    \"attributes\": {\n      \"dn\": \"uni/infra/funcprof/accnodepgrp-default\",\n      \"name\": \"default\",\n      \"descr\": \"Default Leaf Policy Group\",\n    },\n    \"children\": [\n      {\n        \"infraRsMstInstPol\": {\n          \"attributes\": {\n            \"tnStpInstPolName\": \"default\"\n          },\n          \"children\": []\n        }\n      },\n      {\n        \"infraRsBfdIpv4InstPol\": {\n          \"attributes\": {\n            \"tnBfdIpv4InstPolName\": \"default\"\n          },\n          \"children\": []\n        }\n      },\n      {\n        \"infraRsBfdIpv6InstPol\": {\n          \"attributes\": {\n            \"tnBfdIpv6InstPolName\": \"default\"\n          },\n          \"children\": []\n        }\n      },\n      {\n        \"infraRsFcInstPol\": {\n          \"attributes\": {\n            \"tnFcInstPolName\": \"default\"\n          },\n          \"children\": []\n        }\n      },\n      {\n        \"infraRsPoeInstPol\": {\n          \"attributes\": {\n            \"tnPoeInstPolName\": \"default\"\n          },\n          \"children\": []\n        }\n      },\n      {\n        \"infraRsFcFabricPol\": {\n          \"attributes\": {\n            \"tnFcFabricPolName\": \"default\"\n          },\n          \"children\": []\n        }\n      },\n      {\n        \"infraRsMonNodeInfraPol\": {\n          \"attributes\": {\n            \"tnMonInfraPolName\": \"default\"\n          },\n          \"children\": []\n        }\n      },\n      {\n        \"infraRsNetflowNodePol\": {\n          \"attributes\": {\n            \"tnNetflowNodePolName\": \"default\"\n          },\n          \"children\": []\n        }\n      },\n      {\n        \"infraRsLeafCoppProfile\": {\n          \"attributes\": {\n            \"tnCoppLeafProfileName\": \"default\"\n          },\n          \"children\": []\n        }\n      },\n      {\n        \"infraRsTopoctrlFwdScaleProfPol\": {\n          \"attributes\": {\n            \"tnTopoctrlFwdScaleProfilePolName\": \"default\"\n          },\n          \"children\": []\n        }\n      },\n      {\n        \"infraRsTopoctrlFastLinkFailoverInstPol\": {\n          \"attributes\": {\n            \"tnTopoctrlFastLinkFailoverInstPolName\": \"default\"\n          },\n          \"children\": []\n        }\n      },\n      {\n        \"infraRsL2NodeAuthPol\": {\n          \"attributes\": {\n            \"tnL2NodeAuthPolName\": \"default\"\n          },\n          \"children\": []\n        }\n      },\n      {\n        \"infraRsIaclLeafProfile\": {\n          \"attributes\": {\n            \"tnIaclLeafProfileName\": \"default\"\n          },\n          \"children\": []\n        }\n      },\n      {\n        \"infraRsEquipmentFlashConfigPol\": {\n          \"attributes\": {\n            \"tnEquipmentFlashConfigPolName\": \"default\"\n          },\n          \"children\": []\n        }\n      },\n      {\n        \"infraRsLeafPGrpToCdpIfPol\": {\n          \"attributes\": {\n            \"tnCdpIfPolName\": \"cdp_enabled\"\n          },\n          \"children\": []\n        }\n      },\n      {\n        \"infraRsLeafPGrpToLldpIfPol\": {\n          \"attributes\": {\n            \"tnLldpIfPolName\": \"lldp_both_enabled\"\n          },\n          \"children\": []\n        }\n      },\n    ]\n  }\n}\n"
          },
          "sensitive_attributes": [],
          "private": "eyJzY2hlbWFfdmVyc2lvbiI6IjEifQ=="
        }
      ]
    },
    {
      "module": "module.spine_interface_policy_groups",
      "mode": "managed",
      "type": "aci_spine_port_policy_group",
      "name": "spine_port",
      "provider": "provider[\"registry.terraform.io/ciscodevnet/aci\"]",
      "instances": [
        {
          "index_key": "msite",
          "schema_version": 1,
          "attributes": {
            "annotation": "",
            "description": "Acess Port Policy Group.",
            "id": "uni/infra/funcprof/spaccportgrp-msite",
            "name": "msite",
            "name_alias": "",
            "relation_infra_rs_att_ent_p": "uni/infra/attentp-l3out",
            "relation_infra_rs_cdp_if_pol": "uni/infra/cdpIfP-cdp_enabled",
            "relation_infra_rs_copp_if_pol": "uni/infra/coppifpol-default",
            "relation_infra_rs_h_if_pol": "uni/infra/hintfpol-inherit_auto",
            "relation_infra_rs_macsec_if_pol": "uni/infra/hintfpol-inherit_auto"
          },
          "sensitive_attributes": [],
          "private": "eyJzY2hlbWFfdmVyc2lvbiI6IjEifQ==",
          "dependencies": [
            "module.domains.aci_l3_domain_profile.layer3",
            "module.domains.aci_physical_domain.physical",
            "module.global_policies.aci_attachable_access_entity_profile.aaep",
            "module.intf_policies.aci_cdp_interface_policy.cdp",
            "module.intf_policies.aci_fabric_if_pol.link_level",
            "module.intf_policies.aci_interface_fc_policy.fc_interface",
            "module.intf_policies.aci_l2_interface_policy.l2_interface",
            "module.intf_policies.aci_lacp_policy.lacp",
            "module.intf_policies.aci_lldp_interface_policy.lldp",
            "module.intf_policies.aci_miscabling_protocol_interface_policy.mcp",
            "module.intf_policies.aci_port_security_policy.port_security",
            "module.intf_policies.aci_rest.stp",
            "module.vlan_pools.aci_vlan_pool.vlan_pool"
          ]
        }
      ]
    },
    {
      "module": "module.spine_policy_group",
      "mode": "managed",
      "type": "aci_rest",
      "name": "spine_policy_group",
      "provider": "provider[\"registry.terraform.io/ciscodevnet/aci\"]",
      "instances": [
        {
          "index_key": "default",
          "schema_version": 1,
          "attributes": {
            "class_name": "infraSpineAccNodePGrp",
            "content": null,
            "dn": null,
            "id": "uni/infra/funcprof/spaccnodepgrp-default",
            "path": "/api/node/mo/uni/infra/funcprof/spaccnodepgrp-default.json",
            "payload": "{\n\t\"infraSpineAccNodePGrp\": {\n\t\t\"attributes\": {\n\t\t\t\"dn\": \"uni/infra/funcprof/spaccnodepgrp-default\",\n\t\t\t\"descr\": \"Default Leaf Policy Group\",\n\t\t\t\"name\": \"default\"\n\t\t},\n\t\t\"children\": [\n\t\t\t{\n\t\t\t\t\"infraRsSpineCoppProfile\": {\n\t\t\t\t\t\"attributes\": {\n\t\t\t\t\t\t\"tnCoppSpineProfileName\": \"default\"\n\t\t\t\t\t},\n\t\t\t\t\t\"children\": []\n\t\t\t\t}\n\t\t\t},\n\t\t\t{\n\t\t\t\t\"infraRsSpineBfdIpv4InstPol\": {\n\t\t\t\t\t\"attributes\": {\n\t\t\t\t\t\t\"tnBfdIpv4InstPolName\": \"default\"\n\t\t\t\t\t},\n\t\t\t\t\t\"children\": []\n\t\t\t\t}\n\t\t\t},\n\t\t\t{\n\t\t\t\t\"infraRsSpineBfdIpv6InstPol\": {\n\t\t\t\t\t\"attributes\": {\n\t\t\t\t\t\t\"tnBfdIpv6InstPolName\": \"default\"\n\t\t\t\t\t},\n\t\t\t\t\t\"children\": []\n\t\t\t\t}\n\t\t\t},\n\t\t\t{\n\t\t\t\t\"infraRsIaclSpineProfile\": {\n\t\t\t\t\t\"attributes\": {\n\t\t\t\t\t\t\"tnIaclSpineProfileName\": \"default\"\n\t\t\t\t\t},\n\t\t\t\t\t\"children\": []\n\t\t\t\t}\n\t\t\t},\n\t\t\t{\n\t\t\t\t\"infraRsSpinePGrpToCdpIfPol\": {\n\t\t\t\t\t\"attributes\": {\n\t\t\t\t\t\t\"tnCdpIfPolName\": \"cdp_enabled\"\n\t\t\t\t\t},\n\t\t\t\t\t\"children\": []\n\t\t\t\t}\n\t\t\t},\n\t\t\t{\n\t\t\t\t\"infraRsSpinePGrpToLldpIfPol\": {\n\t\t\t\t\t\"attributes\": {\n\t\t\t\t\t\t\"tnLldpIfPolName\": \"lldp_both_enabled\"\n\t\t\t\t\t},\n\t\t\t\t\t\"children\": []\n\t\t\t\t}\n\t\t\t}\n\t\t]\n\t}\n}\n"
          },
          "sensitive_attributes": [],
          "private": "eyJzY2hlbWFfdmVyc2lvbiI6IjEifQ=="
        }
      ]
    },
    {
      "module": "module.vlan_pools",
      "mode": "managed",
      "type": "aci_vlan_pool",
      "name": "vlan_pool",
      "provider": "provider[\"registry.terraform.io/ciscodevnet/aci\"]",
      "instances": [
        {
          "index_key": "access",
          "schema_version": 1,
          "attributes": {
            "alloc_mode": "static",
            "annotation": "",
            "description": "Standard Static VLAN Pool",
            "id": "uni/infra/vlanns-[access]-static",
            "name": "access",
            "name_alias": ""
          },
          "sensitive_attributes": [],
          "private": "eyJzY2hlbWFfdmVyc2lvbiI6IjEifQ=="
        },
        {
          "index_key": "l3out",
          "schema_version": 1,
          "attributes": {
            "alloc_mode": "static",
            "annotation": "",
            "description": "L3Out VLAN Pool",
            "id": "uni/infra/vlanns-[l3out]-static",
            "name": "l3out",
            "name_alias": ""
          },
          "sensitive_attributes": [],
          "private": "eyJzY2hlbWFfdmVyc2lvbiI6IjEifQ=="
        },
        {
          "index_key": "vmm_dynamic",
          "schema_version": 1,
          "attributes": {
            "alloc_mode": "dynamic",
            "annotation": "",
            "description": "VMM Integration VLAN Pool",
            "id": "uni/infra/vlanns-[vmm_dynamic]-dynamic",
            "name": "vmm_dynamic",
            "name_alias": ""
          },
          "sensitive_attributes": [],
          "private": "eyJzY2hlbWFfdmVyc2lvbiI6IjEifQ=="
        }
      ]
    },
    {
      "module": "module.vpc_default_descr",
      "mode": "managed",
      "type": "aci_rest",
      "name": "vpc_description",
      "provider": "provider[\"registry.terraform.io/ciscodevnet/aci\"]",
      "instances": [
        {
          "index_key": "description",
          "schema_version": 1,
          "attributes": {
            "class_name": "fabricProtPol",
            "content": null,
            "dn": null,
            "id": "uni/fabric/protpol",
            "path": "/api/node/mo/uni/fabric/protpol.json",
            "payload": "{\n  \"fabricProtPol\": {\n    \"attributes\": {\n      \"dn\": \"uni/fabric/protpol\",\n      \"descr\": \"Description for the VPC Default Policy\"\n    },\n    \"children\": []\n  }\n}\n"
          },
          "sensitive_attributes": [],
          "private": "eyJzY2hlbWFfdmVyc2lvbiI6IjEifQ=="
        }
      ]
    },
    {
      "module": "module.vpc_domains",
      "mode": "managed",
      "type": "aci_rest",
      "name": "vpc_domains",
      "provider": "provider[\"registry.terraform.io/ciscodevnet/aci\"]",
      "instances": [
        {
          "index_key": "dc1-leaf201-202-vpc",
          "schema_version": 1,
          "attributes": {
            "class_name": "fabricExplicitGEp",
            "content": null,
            "dn": null,
            "id": "uni/fabric/protpol/expgep-dc1-leaf201-202-vpc",
            "path": "/api/node/mo/uni/fabric/protpol/expgep-dc1-leaf201-202-vpc.json",
            "payload": "{\n  \"fabricExplicitGEp\": {\n    \"attributes\": {\n      \"annotation\": \"\",\n      \"dn\": \"uni/fabric/protpol/expgep-dc1-leaf201-202-vpc\",\n      \"id\": \"201\",\n      \"name\": \"dc1-leaf201-202-vpc\"\n    },\n    \"children\": [\n      {\n        \"fabricNodePEp\": {\n          \"attributes\": {\n            \"annotation\": \"\",\n            \"dn\": \"uni/fabric/protpol/expgep-dc1-leaf201-202-vpc/nodepep-201\",\n            \"id\": \"201\",\n            \"nameAlias\": \"\",\n            \"podId\": \"1\"\n          },\n          \"children\": []\n        }\n      },\n      {\n        \"fabricNodePEp\": {\n          \"attributes\": {\n            \"annotation\": \"\",\n            \"dn\": \"uni/fabric/protpol/expgep-dc1-leaf201-202-vpc/nodepep-202\",\n            \"id\": \"202\",\n            \"nameAlias\": \"\",\n            \"podId\": \"1\"\n          },\n          \"children\": []\n        }\n      },\n      {\n        \"fabricRsVpcInstPol\": {\n          \"attributes\": {\n            \"annotation\": \"\",\n            \"tnVpcInstPolName\": \"default\"\n          },\n          \"children\": []\n        }\n      }\n    ]\n  }\n}\n"
          },
          "sensitive_attributes": [],
          "private": "eyJzY2hlbWFfdmVyc2lvbiI6IjEifQ=="
        }
      ]
    }
  ]
}
